
Microsoft Visual Studio Solution File, Format Version 12.00
# Visual Studio Version 17
VisualStudioVersion = 17.0.31903.59
MinimumVisualStudioVersion = 10.0.40219.1
Project("{2150E333-8FDC-42A3-9474-1A3956D46DE8}") = "src", "src", "{827E0CD3-B72D-47B6-A68D-7590B98EB39B}"
EndProject
Project("{2150E333-8FDC-42A3-9474-1A3956D46DE8}") = "BuildingBlocks", "BuildingBlocks", "{90298CBA-BD6F-3A0A-69D5-97CAD7B05E7E}"
EndProject
Project("{FAE04EC0-301F-11D3-BF4B-00C04F79EFBC}") = "TaskFlow.BuildingBlocks.Common", "src\BuildingBlocks\TaskFlow.BuildingBlocks.Common\TaskFlow.BuildingBlocks.Common.csproj", "{13B853DE-0E66-4311-8F13-22C643B63E78}"
EndProject
Project("{FAE04EC0-301F-11D3-BF4B-00C04F79EFBC}") = "TaskFlow.BuildingBlocks.Messaging", "src\BuildingBlocks\TaskFlow.BuildingBlocks.Messaging\TaskFlow.BuildingBlocks.Messaging.csproj", "{FB12AD81-F349-4635-AD96-898D233F6DB2}"
EndProject
Project("{FAE04EC0-301F-11D3-BF4B-00C04F79EFBC}") = "TaskFlow.BuildingBlocks.EventBus", "src\BuildingBlocks\TaskFlow.BuildingBlocks.EventBus\TaskFlow.BuildingBlocks.EventBus.csproj", "{CC1A6159-4FC4-4058-AA06-87EAC64E5B41}"
EndProject
Project("{FAE04EC0-301F-11D3-BF4B-00C04F79EFBC}") = "TaskFlow.BuildingBlocks.Caching", "src\BuildingBlocks\TaskFlow.BuildingBlocks.Caching\TaskFlow.BuildingBlocks.Caching.csproj", "{05338572-03F4-4CF7-BBF2-0B0DC8C7CF29}"
EndProject
Project("{2150E333-8FDC-42A3-9474-1A3956D46DE8}") = "ApiGateway", "ApiGateway", "{FCA01246-F2C6-0AA7-D43F-FD13BE0B9D88}"
EndProject
Project("{FAE04EC0-301F-11D3-BF4B-00C04F79EFBC}") = "TaskFlow.Gateway", "src\ApiGateway\TaskFlow.Gateway\TaskFlow.Gateway.csproj", "{E41BC718-5589-466D-9555-431B982B0C39}"
EndProject
Project("{FAE04EC0-301F-11D3-BF4B-00C04F79EFBC}") = "TaskFlow.BuildingBlocks.CQRS", "src\BuildingBlocks\TaskFlow.BuildingBlocks.CQRS\TaskFlow.BuildingBlocks.CQRS.csproj", "{7D5EC2AC-84EF-4D7D-BB39-81679298717C}"
EndProject
Project("{2150E333-8FDC-42A3-9474-1A3956D46DE8}") = "Services", "Services", "{984BB9B3-3FA3-BE33-9484-CAC21695A33C}"
EndProject
Project("{2150E333-8FDC-42A3-9474-1A3956D46DE8}") = "Identity", "Identity", "{1BFC9479-12BF-35C3-06B8-42D89D95092B}"
EndProject
Project("{FAE04EC0-301F-11D3-BF4B-00C04F79EFBC}") = "TaskFlow.Identity.Domain", "src\Services\Identity\TaskFlow.Identity.Domain\TaskFlow.Identity.Domain.csproj", "{887CC894-87A3-4CD5-8604-E58799E05C39}"
EndProject
Project("{FAE04EC0-301F-11D3-BF4B-00C04F79EFBC}") = "TaskFlow.Identity.Application", "src\Services\Identity\TaskFlow.Identity.Application\TaskFlow.Identity.Application.csproj", "{1EA0E575-6026-47B9-8A1D-90BFB9A68AA8}"
EndProject
Project("{FAE04EC0-301F-11D3-BF4B-00C04F79EFBC}") = "TaskFlow.Identity.Infrastructure", "src\Services\Identity\TaskFlow.Identity.Infrastructure\TaskFlow.Identity.Infrastructure.csproj", "{76CEFDC3-4B38-43EF-96F7-6F06BBE8DFBA}"
EndProject
Project("{FAE04EC0-301F-11D3-BF4B-00C04F79EFBC}") = "TaskFlow.Identity.API", "src\Services\Identity\TaskFlow.Identity.API\TaskFlow.Identity.API.csproj", "{7082DF3B-70BD-4B28-95BA-314F9549E3FE}"
EndProject
Project("{2150E333-8FDC-42A3-9474-1A3956D46DE8}") = "User", "User", "{6792783D-ADFB-1DC9-8301-92642CD8F804}"
EndProject
Project("{FAE04EC0-301F-11D3-BF4B-00C04F79EFBC}") = "TaskFlow.User.Domain", "src\Services\User\TaskFlow.User.Domain\TaskFlow.User.Domain.csproj", "{910C3DF1-520F-49BE-ACED-86DBC30EF05A}"
EndProject
Project("{FAE04EC0-301F-11D3-BF4B-00C04F79EFBC}") = "TaskFlow.User.Application", "src\Services\User\TaskFlow.User.Application\TaskFlow.User.Application.csproj", "{C58C0DBE-C034-40E7-92CA-4E268DD4AAF6}"
EndProject
Project("{FAE04EC0-301F-11D3-BF4B-00C04F79EFBC}") = "TaskFlow.User.Infrastructure", "src\Services\User\TaskFlow.User.Infrastructure\TaskFlow.User.Infrastructure.csproj", "{BCB049BB-19D5-4747-BF0D-8F2A84CF77FA}"
EndProject
Project("{FAE04EC0-301F-11D3-BF4B-00C04F79EFBC}") = "TaskFlow.User.API", "src\Services\User\TaskFlow.User.API\TaskFlow.User.API.csproj", "{7A1AF113-669D-41C7-ADED-83C7D1EB5B02}"
EndProject
Project("{2150E333-8FDC-42A3-9474-1A3956D46DE8}") = "Task", "Task", "{FA3FA135-E556-ABE6-1C98-16301F32AE9B}"
EndProject
Project("{FAE04EC0-301F-11D3-BF4B-00C04F79EFBC}") = "TaskFlow.Task.Domain", "src\Services\Task\TaskFlow.Task.Domain\TaskFlow.Task.Domain.csproj", "{0BA8A466-2C02-486A-A10A-65A9DEB377A9}"
EndProject
Project("{FAE04EC0-301F-11D3-BF4B-00C04F79EFBC}") = "TaskFlow.Task.Application", "src\Services\Task\TaskFlow.Task.Application\TaskFlow.Task.Application.csproj", "{EC331809-82CC-4637-AD12-D30C582658F1}"
EndProject
Project("{FAE04EC0-301F-11D3-BF4B-00C04F79EFBC}") = "TaskFlow.Task.Infrastructure", "src\Services\Task\TaskFlow.Task.Infrastructure\TaskFlow.Task.Infrastructure.csproj", "{BD035115-60C4-4445-A2BC-AF74BD417DC5}"
EndProject
Project("{FAE04EC0-301F-11D3-BF4B-00C04F79EFBC}") = "TaskFlow.Task.API", "src\Services\Task\TaskFlow.Task.API\TaskFlow.Task.API.csproj", "{434AB51B-AD26-4276-9BDC-2C3E1463BC6F}"
EndProject
Project("{2150E333-8FDC-42A3-9474-1A3956D46DE8}") = "Notif", "Notif", "{C0F25937-FF25-CB73-CC38-630AA141980E}"
EndProject
Project("{FAE04EC0-301F-11D3-BF4B-00C04F79EFBC}") = "TaskFlow.Notif.Domain", "src\Services\Notif\TaskFlow.Notif.Domain\TaskFlow.Notif.Domain.csproj", "{A8EC12E8-6B56-42BF-8595-FBBF457D22EA}"
EndProject
Project("{FAE04EC0-301F-11D3-BF4B-00C04F79EFBC}") = "TaskFlow.Notif.Application", "src\Services\Notif\TaskFlow.Notif.Application\TaskFlow.Notif.Application.csproj", "{D970134E-192B-4EB2-AA96-2B38EE97D8B9}"
EndProject
Project("{FAE04EC0-301F-11D3-BF4B-00C04F79EFBC}") = "TaskFlow.Notif.Infrastructure", "src\Services\Notif\TaskFlow.Notif.Infrastructure\TaskFlow.Notif.Infrastructure.csproj", "{4EB65C64-8229-4322-9481-B5B1B092EDEC}"
EndProject
Project("{FAE04EC0-301F-11D3-BF4B-00C04F79EFBC}") = "TaskFlow.Notif.API", "src\Services\Notif\TaskFlow.Notif.API\TaskFlow.Notif.API.csproj", "{375FA677-7EDF-4A35-BB89-D544968FBCBA}"
EndProject
Project("{2150E333-8FDC-42A3-9474-1A3956D46DE8}") = "Admin", "Admin", "{023B9AA2-7486-B2A3-4322-CC29E28BB2EB}"
EndProject
Project("{FAE04EC0-301F-11D3-BF4B-00C04F79EFBC}") = "TaskFlow.Admin.Domain", "src\Services\Admin\TaskFlow.Admin.Domain\TaskFlow.Admin.Domain.csproj", "{A38D35B5-3230-4531-90AE-760B8DE27A69}"
EndProject
Project("{FAE04EC0-301F-11D3-BF4B-00C04F79EFBC}") = "TaskFlow.Admin.Application", "src\Services\Admin\TaskFlow.Admin.Application\TaskFlow.Admin.Application.csproj", "{9BA69363-B9E5-4245-9319-22D6445C6F31}"
EndProject
Project("{FAE04EC0-301F-11D3-BF4B-00C04F79EFBC}") = "TaskFlow.Admin.Infrastructure", "src\Services\Admin\TaskFlow.Admin.Infrastructure\TaskFlow.Admin.Infrastructure.csproj", "{521223FF-4B4F-4817-B432-5BC6C2CC71D0}"
EndProject
Project("{FAE04EC0-301F-11D3-BF4B-00C04F79EFBC}") = "TaskFlow.Admin.API", "src\Services\Admin\TaskFlow.Admin.API\TaskFlow.Admin.API.csproj", "{C50B1FC5-3EC1-47EE-9F38-67ACA0904137}"
EndProject
Global
	GlobalSection(SolutionConfigurationPlatforms) = preSolution
		Debug|Any CPU = Debug|Any CPU
		Debug|x64 = Debug|x64
		Debug|x86 = Debug|x86
		Release|Any CPU = Release|Any CPU
		Release|x64 = Release|x64
		Release|x86 = Release|x86
	EndGlobalSection
	GlobalSection(ProjectConfigurationPlatforms) = postSolution
		{13B853DE-0E66-4311-8F13-22C643B63E78}.Debug|Any CPU.ActiveCfg = Debug|Any CPU
		{13B853DE-0E66-4311-8F13-22C643B63E78}.Debug|Any CPU.Build.0 = Debug|Any CPU
		{13B853DE-0E66-4311-8F13-22C643B63E78}.Debug|x64.ActiveCfg = Debug|Any CPU
		{13B853DE-0E66-4311-8F13-22C643B63E78}.Debug|x64.Build.0 = Debug|Any CPU
		{13B853DE-0E66-4311-8F13-22C643B63E78}.Debug|x86.ActiveCfg = Debug|Any CPU
		{13B853DE-0E66-4311-8F13-22C643B63E78}.Debug|x86.Build.0 = Debug|Any CPU
		{13B853DE-0E66-4311-8F13-22C643B63E78}.Release|Any CPU.ActiveCfg = Release|Any CPU
		{13B853DE-0E66-4311-8F13-22C643B63E78}.Release|Any CPU.Build.0 = Release|Any CPU
		{13B853DE-0E66-4311-8F13-22C643B63E78}.Release|x64.ActiveCfg = Release|Any CPU
		{13B853DE-0E66-4311-8F13-22C643B63E78}.Release|x64.Build.0 = Release|Any CPU
		{13B853DE-0E66-4311-8F13-22C643B63E78}.Release|x86.ActiveCfg = Release|Any CPU
		{13B853DE-0E66-4311-8F13-22C643B63E78}.Release|x86.Build.0 = Release|Any CPU
		{FB12AD81-F349-4635-AD96-898D233F6DB2}.Debug|Any CPU.ActiveCfg = Debug|Any CPU
		{FB12AD81-F349-4635-AD96-898D233F6DB2}.Debug|Any CPU.Build.0 = Debug|Any CPU
		{FB12AD81-F349-4635-AD96-898D233F6DB2}.Debug|x64.ActiveCfg = Debug|Any CPU
		{FB12AD81-F349-4635-AD96-898D233F6DB2}.Debug|x64.Build.0 = Debug|Any CPU
		{FB12AD81-F349-4635-AD96-898D233F6DB2}.Debug|x86.ActiveCfg = Debug|Any CPU
		{FB12AD81-F349-4635-AD96-898D233F6DB2}.Debug|x86.Build.0 = Debug|Any CPU
		{FB12AD81-F349-4635-AD96-898D233F6DB2}.Release|Any CPU.ActiveCfg = Release|Any CPU
		{FB12AD81-F349-4635-AD96-898D233F6DB2}.Release|Any CPU.Build.0 = Release|Any CPU
		{FB12AD81-F349-4635-AD96-898D233F6DB2}.Release|x64.ActiveCfg = Release|Any CPU
		{FB12AD81-F349-4635-AD96-898D233F6DB2}.Release|x64.Build.0 = Release|Any CPU
		{FB12AD81-F349-4635-AD96-898D233F6DB2}.Release|x86.ActiveCfg = Release|Any CPU
		{FB12AD81-F349-4635-AD96-898D233F6DB2}.Release|x86.Build.0 = Release|Any CPU
		{CC1A6159-4FC4-4058-AA06-87EAC64E5B41}.Debug|Any CPU.ActiveCfg = Debug|Any CPU
		{CC1A6159-4FC4-4058-AA06-87EAC64E5B41}.Debug|Any CPU.Build.0 = Debug|Any CPU
		{CC1A6159-4FC4-4058-AA06-87EAC64E5B41}.Debug|x64.ActiveCfg = Debug|Any CPU
		{CC1A6159-4FC4-4058-AA06-87EAC64E5B41}.Debug|x64.Build.0 = Debug|Any CPU
		{CC1A6159-4FC4-4058-AA06-87EAC64E5B41}.Debug|x86.ActiveCfg = Debug|Any CPU
		{CC1A6159-4FC4-4058-AA06-87EAC64E5B41}.Debug|x86.Build.0 = Debug|Any CPU
		{CC1A6159-4FC4-4058-AA06-87EAC64E5B41}.Release|Any CPU.ActiveCfg = Release|Any CPU
		{CC1A6159-4FC4-4058-AA06-87EAC64E5B41}.Release|Any CPU.Build.0 = Release|Any CPU
		{CC1A6159-4FC4-4058-AA06-87EAC64E5B41}.Release|x64.ActiveCfg = Release|Any CPU
		{CC1A6159-4FC4-4058-AA06-87EAC64E5B41}.Release|x64.Build.0 = Release|Any CPU
		{CC1A6159-4FC4-4058-AA06-87EAC64E5B41}.Release|x86.ActiveCfg = Release|Any CPU
		{CC1A6159-4FC4-4058-AA06-87EAC64E5B41}.Release|x86.Build.0 = Release|Any CPU
		{05338572-03F4-4CF7-BBF2-0B0DC8C7CF29}.Debug|Any CPU.ActiveCfg = Debug|Any CPU
		{05338572-03F4-4CF7-BBF2-0B0DC8C7CF29}.Debug|Any CPU.Build.0 = Debug|Any CPU
		{05338572-03F4-4CF7-BBF2-0B0DC8C7CF29}.Debug|x64.ActiveCfg = Debug|Any CPU
		{05338572-03F4-4CF7-BBF2-0B0DC8C7CF29}.Debug|x64.Build.0 = Debug|Any CPU
		{05338572-03F4-4CF7-BBF2-0B0DC8C7CF29}.Debug|x86.ActiveCfg = Debug|Any CPU
		{05338572-03F4-4CF7-BBF2-0B0DC8C7CF29}.Debug|x86.Build.0 = Debug|Any CPU
		{05338572-03F4-4CF7-BBF2-0B0DC8C7CF29}.Release|Any CPU.ActiveCfg = Release|Any CPU
		{05338572-03F4-4CF7-BBF2-0B0DC8C7CF29}.Release|Any CPU.Build.0 = Release|Any CPU
		{05338572-03F4-4CF7-BBF2-0B0DC8C7CF29}.Release|x64.ActiveCfg = Release|Any CPU
		{05338572-03F4-4CF7-BBF2-0B0DC8C7CF29}.Release|x64.Build.0 = Release|Any CPU
		{05338572-03F4-4CF7-BBF2-0B0DC8C7CF29}.Release|x86.ActiveCfg = Release|Any CPU
		{05338572-03F4-4CF7-BBF2-0B0DC8C7CF29}.Release|x86.Build.0 = Release|Any CPU
		{E41BC718-5589-466D-9555-431B982B0C39}.Debug|Any CPU.ActiveCfg = Debug|Any CPU
		{E41BC718-5589-466D-9555-431B982B0C39}.Debug|Any CPU.Build.0 = Debug|Any CPU
		{E41BC718-5589-466D-9555-431B982B0C39}.Debug|x64.ActiveCfg = Debug|Any CPU
		{E41BC718-5589-466D-9555-431B982B0C39}.Debug|x64.Build.0 = Debug|Any CPU
		{E41BC718-5589-466D-9555-431B982B0C39}.Debug|x86.ActiveCfg = Debug|Any CPU
		{E41BC718-5589-466D-9555-431B982B0C39}.Debug|x86.Build.0 = Debug|Any CPU
		{E41BC718-5589-466D-9555-431B982B0C39}.Release|Any CPU.ActiveCfg = Release|Any CPU
		{E41BC718-5589-466D-9555-431B982B0C39}.Release|Any CPU.Build.0 = Release|Any CPU
		{E41BC718-5589-466D-9555-431B982B0C39}.Release|x64.ActiveCfg = Release|Any CPU
		{E41BC718-5589-466D-9555-431B982B0C39}.Release|x64.Build.0 = Release|Any CPU
		{E41BC718-5589-466D-9555-431B982B0C39}.Release|x86.ActiveCfg = Release|Any CPU
		{E41BC718-5589-466D-9555-431B982B0C39}.Release|x86.Build.0 = Release|Any CPU
		{7D5EC2AC-84EF-4D7D-BB39-81679298717C}.Debug|Any CPU.ActiveCfg = Debug|Any CPU
		{7D5EC2AC-84EF-4D7D-BB39-81679298717C}.Debug|Any CPU.Build.0 = Debug|Any CPU
		{7D5EC2AC-84EF-4D7D-BB39-81679298717C}.Debug|x64.ActiveCfg = Debug|Any CPU
		{7D5EC2AC-84EF-4D7D-BB39-81679298717C}.Debug|x64.Build.0 = Debug|Any CPU
		{7D5EC2AC-84EF-4D7D-BB39-81679298717C}.Debug|x86.ActiveCfg = Debug|Any CPU
		{7D5EC2AC-84EF-4D7D-BB39-81679298717C}.Debug|x86.Build.0 = Debug|Any CPU
		{7D5EC2AC-84EF-4D7D-BB39-81679298717C}.Release|Any CPU.ActiveCfg = Release|Any CPU
		{7D5EC2AC-84EF-4D7D-BB39-81679298717C}.Release|Any CPU.Build.0 = Release|Any CPU
		{7D5EC2AC-84EF-4D7D-BB39-81679298717C}.Release|x64.ActiveCfg = Release|Any CPU
		{7D5EC2AC-84EF-4D7D-BB39-81679298717C}.Release|x64.Build.0 = Release|Any CPU
		{7D5EC2AC-84EF-4D7D-BB39-81679298717C}.Release|x86.ActiveCfg = Release|Any CPU
		{7D5EC2AC-84EF-4D7D-BB39-81679298717C}.Release|x86.Build.0 = Release|Any CPU
		{887CC894-87A3-4CD5-8604-E58799E05C39}.Debug|Any CPU.ActiveCfg = Debug|Any CPU
		{887CC894-87A3-4CD5-8604-E58799E05C39}.Debug|Any CPU.Build.0 = Debug|Any CPU
		{887CC894-87A3-4CD5-8604-E58799E05C39}.Debug|x64.ActiveCfg = Debug|Any CPU
		{887CC894-87A3-4CD5-8604-E58799E05C39}.Debug|x64.Build.0 = Debug|Any CPU
		{887CC894-87A3-4CD5-8604-E58799E05C39}.Debug|x86.ActiveCfg = Debug|Any CPU
		{887CC894-87A3-4CD5-8604-E58799E05C39}.Debug|x86.Build.0 = Debug|Any CPU
		{887CC894-87A3-4CD5-8604-E58799E05C39}.Release|Any CPU.ActiveCfg = Release|Any CPU
		{887CC894-87A3-4CD5-8604-E58799E05C39}.Release|Any CPU.Build.0 = Release|Any CPU
		{887CC894-87A3-4CD5-8604-E58799E05C39}.Release|x64.ActiveCfg = Release|Any CPU
		{887CC894-87A3-4CD5-8604-E58799E05C39}.Release|x64.Build.0 = Release|Any CPU
		{887CC894-87A3-4CD5-8604-E58799E05C39}.Release|x86.ActiveCfg = Release|Any CPU
		{887CC894-87A3-4CD5-8604-E58799E05C39}.Release|x86.Build.0 = Release|Any CPU
		{1EA0E575-6026-47B9-8A1D-90BFB9A68AA8}.Debug|Any CPU.ActiveCfg = Debug|Any CPU
		{1EA0E575-6026-47B9-8A1D-90BFB9A68AA8}.Debug|Any CPU.Build.0 = Debug|Any CPU
		{1EA0E575-6026-47B9-8A1D-90BFB9A68AA8}.Debug|x64.ActiveCfg = Debug|Any CPU
		{1EA0E575-6026-47B9-8A1D-90BFB9A68AA8}.Debug|x64.Build.0 = Debug|Any CPU
		{1EA0E575-6026-47B9-8A1D-90BFB9A68AA8}.Debug|x86.ActiveCfg = Debug|Any CPU
		{1EA0E575-6026-47B9-8A1D-90BFB9A68AA8}.Debug|x86.Build.0 = Debug|Any CPU
		{1EA0E575-6026-47B9-8A1D-90BFB9A68AA8}.Release|Any CPU.ActiveCfg = Release|Any CPU
		{1EA0E575-6026-47B9-8A1D-90BFB9A68AA8}.Release|Any CPU.Build.0 = Release|Any CPU
		{1EA0E575-6026-47B9-8A1D-90BFB9A68AA8}.Release|x64.ActiveCfg = Release|Any CPU
		{1EA0E575-6026-47B9-8A1D-90BFB9A68AA8}.Release|x64.Build.0 = Release|Any CPU
		{1EA0E575-6026-47B9-8A1D-90BFB9A68AA8}.Release|x86.ActiveCfg = Release|Any CPU
		{1EA0E575-6026-47B9-8A1D-90BFB9A68AA8}.Release|x86.Build.0 = Release|Any CPU
		{76CEFDC3-4B38-43EF-96F7-6F06BBE8DFBA}.Debug|Any CPU.ActiveCfg = Debug|Any CPU
		{76CEFDC3-4B38-43EF-96F7-6F06BBE8DFBA}.Debug|Any CPU.Build.0 = Debug|Any CPU
		{76CEFDC3-4B38-43EF-96F7-6F06BBE8DFBA}.Debug|x64.ActiveCfg = Debug|Any CPU
		{76CEFDC3-4B38-43EF-96F7-6F06BBE8DFBA}.Debug|x64.Build.0 = Debug|Any CPU
		{76CEFDC3-4B38-43EF-96F7-6F06BBE8DFBA}.Debug|x86.ActiveCfg = Debug|Any CPU
		{76CEFDC3-4B38-43EF-96F7-6F06BBE8DFBA}.Debug|x86.Build.0 = Debug|Any CPU
		{76CEFDC3-4B38-43EF-96F7-6F06BBE8DFBA}.Release|Any CPU.ActiveCfg = Release|Any CPU
		{76CEFDC3-4B38-43EF-96F7-6F06BBE8DFBA}.Release|Any CPU.Build.0 = Release|Any CPU
		{76CEFDC3-4B38-43EF-96F7-6F06BBE8DFBA}.Release|x64.ActiveCfg = Release|Any CPU
		{76CEFDC3-4B38-43EF-96F7-6F06BBE8DFBA}.Release|x64.Build.0 = Release|Any CPU
		{76CEFDC3-4B38-43EF-96F7-6F06BBE8DFBA}.Release|x86.ActiveCfg = Release|Any CPU
		{76CEFDC3-4B38-43EF-96F7-6F06BBE8DFBA}.Release|x86.Build.0 = Release|Any CPU
		{7082DF3B-70BD-4B28-95BA-314F9549E3FE}.Debug|Any CPU.ActiveCfg = Debug|Any CPU
		{7082DF3B-70BD-4B28-95BA-314F9549E3FE}.Debug|Any CPU.Build.0 = Debug|Any CPU
		{7082DF3B-70BD-4B28-95BA-314F9549E3FE}.Debug|x64.ActiveCfg = Debug|Any CPU
		{7082DF3B-70BD-4B28-95BA-314F9549E3FE}.Debug|x64.Build.0 = Debug|Any CPU
		{7082DF3B-70BD-4B28-95BA-314F9549E3FE}.Debug|x86.ActiveCfg = Debug|Any CPU
		{7082DF3B-70BD-4B28-95BA-314F9549E3FE}.Debug|x86.Build.0 = Debug|Any CPU
		{7082DF3B-70BD-4B28-95BA-314F9549E3FE}.Release|Any CPU.ActiveCfg = Release|Any CPU
		{7082DF3B-70BD-4B28-95BA-314F9549E3FE}.Release|Any CPU.Build.0 = Release|Any CPU
		{7082DF3B-70BD-4B28-95BA-314F9549E3FE}.Release|x64.ActiveCfg = Release|Any CPU
		{7082DF3B-70BD-4B28-95BA-314F9549E3FE}.Release|x64.Build.0 = Release|Any CPU
		{7082DF3B-70BD-4B28-95BA-314F9549E3FE}.Release|x86.ActiveCfg = Release|Any CPU
		{7082DF3B-70BD-4B28-95BA-314F9549E3FE}.Release|x86.Build.0 = Release|Any CPU
		{910C3DF1-520F-49BE-ACED-86DBC30EF05A}.Debug|Any CPU.ActiveCfg = Debug|Any CPU
		{910C3DF1-520F-49BE-ACED-86DBC30EF05A}.Debug|Any CPU.Build.0 = Debug|Any CPU
		{910C3DF1-520F-49BE-ACED-86DBC30EF05A}.Debug|x64.ActiveCfg = Debug|Any CPU
		{910C3DF1-520F-49BE-ACED-86DBC30EF05A}.Debug|x64.Build.0 = Debug|Any CPU
		{910C3DF1-520F-49BE-ACED-86DBC30EF05A}.Debug|x86.ActiveCfg = Debug|Any CPU
		{910C3DF1-520F-49BE-ACED-86DBC30EF05A}.Debug|x86.Build.0 = Debug|Any CPU
		{910C3DF1-520F-49BE-ACED-86DBC30EF05A}.Release|Any CPU.ActiveCfg = Release|Any CPU
		{910C3DF1-520F-49BE-ACED-86DBC30EF05A}.Release|Any CPU.Build.0 = Release|Any CPU
		{910C3DF1-520F-49BE-ACED-86DBC30EF05A}.Release|x64.ActiveCfg = Release|Any CPU
		{910C3DF1-520F-49BE-ACED-86DBC30EF05A}.Release|x64.Build.0 = Release|Any CPU
		{910C3DF1-520F-49BE-ACED-86DBC30EF05A}.Release|x86.ActiveCfg = Release|Any CPU
		{910C3DF1-520F-49BE-ACED-86DBC30EF05A}.Release|x86.Build.0 = Release|Any CPU
		{C58C0DBE-C034-40E7-92CA-4E268DD4AAF6}.Debug|Any CPU.ActiveCfg = Debug|Any CPU
		{C58C0DBE-C034-40E7-92CA-4E268DD4AAF6}.Debug|Any CPU.Build.0 = Debug|Any CPU
		{C58C0DBE-C034-40E7-92CA-4E268DD4AAF6}.Debug|x64.ActiveCfg = Debug|Any CPU
		{C58C0DBE-C034-40E7-92CA-4E268DD4AAF6}.Debug|x64.Build.0 = Debug|Any CPU
		{C58C0DBE-C034-40E7-92CA-4E268DD4AAF6}.Debug|x86.ActiveCfg = Debug|Any CPU
		{C58C0DBE-C034-40E7-92CA-4E268DD4AAF6}.Debug|x86.Build.0 = Debug|Any CPU
		{C58C0DBE-C034-40E7-92CA-4E268DD4AAF6}.Release|Any CPU.ActiveCfg = Release|Any CPU
		{C58C0DBE-C034-40E7-92CA-4E268DD4AAF6}.Release|Any CPU.Build.0 = Release|Any CPU
		{C58C0DBE-C034-40E7-92CA-4E268DD4AAF6}.Release|x64.ActiveCfg = Release|Any CPU
		{C58C0DBE-C034-40E7-92CA-4E268DD4AAF6}.Release|x64.Build.0 = Release|Any CPU
		{C58C0DBE-C034-40E7-92CA-4E268DD4AAF6}.Release|x86.ActiveCfg = Release|Any CPU
		{C58C0DBE-C034-40E7-92CA-4E268DD4AAF6}.Release|x86.Build.0 = Release|Any CPU
		{BCB049BB-19D5-4747-BF0D-8F2A84CF77FA}.Debug|Any CPU.ActiveCfg = Debug|Any CPU
		{BCB049BB-19D5-4747-BF0D-8F2A84CF77FA}.Debug|Any CPU.Build.0 = Debug|Any CPU
		{BCB049BB-19D5-4747-BF0D-8F2A84CF77FA}.Debug|x64.ActiveCfg = Debug|Any CPU
		{BCB049BB-19D5-4747-BF0D-8F2A84CF77FA}.Debug|x64.Build.0 = Debug|Any CPU
		{BCB049BB-19D5-4747-BF0D-8F2A84CF77FA}.Debug|x86.ActiveCfg = Debug|Any CPU
		{BCB049BB-19D5-4747-BF0D-8F2A84CF77FA}.Debug|x86.Build.0 = Debug|Any CPU
		{BCB049BB-19D5-4747-BF0D-8F2A84CF77FA}.Release|Any CPU.ActiveCfg = Release|Any CPU
		{BCB049BB-19D5-4747-BF0D-8F2A84CF77FA}.Release|Any CPU.Build.0 = Release|Any CPU
		{BCB049BB-19D5-4747-BF0D-8F2A84CF77FA}.Release|x64.ActiveCfg = Release|Any CPU
		{BCB049BB-19D5-4747-BF0D-8F2A84CF77FA}.Release|x64.Build.0 = Release|Any CPU
		{BCB049BB-19D5-4747-BF0D-8F2A84CF77FA}.Release|x86.ActiveCfg = Release|Any CPU
		{BCB049BB-19D5-4747-BF0D-8F2A84CF77FA}.Release|x86.Build.0 = Release|Any CPU
		{7A1AF113-669D-41C7-ADED-83C7D1EB5B02}.Debug|Any CPU.ActiveCfg = Debug|Any CPU
		{7A1AF113-669D-41C7-ADED-83C7D1EB5B02}.Debug|Any CPU.Build.0 = Debug|Any CPU
		{7A1AF113-669D-41C7-ADED-83C7D1EB5B02}.Debug|x64.ActiveCfg = Debug|Any CPU
		{7A1AF113-669D-41C7-ADED-83C7D1EB5B02}.Debug|x64.Build.0 = Debug|Any CPU
		{7A1AF113-669D-41C7-ADED-83C7D1EB5B02}.Debug|x86.ActiveCfg = Debug|Any CPU
		{7A1AF113-669D-41C7-ADED-83C7D1EB5B02}.Debug|x86.Build.0 = Debug|Any CPU
		{7A1AF113-669D-41C7-ADED-83C7D1EB5B02}.Release|Any CPU.ActiveCfg = Release|Any CPU
		{7A1AF113-669D-41C7-ADED-83C7D1EB5B02}.Release|Any CPU.Build.0 = Release|Any CPU
		{7A1AF113-669D-41C7-ADED-83C7D1EB5B02}.Release|x64.ActiveCfg = Release|Any CPU
		{7A1AF113-669D-41C7-ADED-83C7D1EB5B02}.Release|x64.Build.0 = Release|Any CPU
		{7A1AF113-669D-41C7-ADED-83C7D1EB5B02}.Release|x86.ActiveCfg = Release|Any CPU
		{7A1AF113-669D-41C7-ADED-83C7D1EB5B02}.Release|x86.Build.0 = Release|Any CPU
		{0BA8A466-2C02-486A-A10A-65A9DEB377A9}.Debug|Any CPU.ActiveCfg = Debug|Any CPU
		{0BA8A466-2C02-486A-A10A-65A9DEB377A9}.Debug|Any CPU.Build.0 = Debug|Any CPU
		{0BA8A466-2C02-486A-A10A-65A9DEB377A9}.Debug|x64.ActiveCfg = Debug|Any CPU
		{0BA8A466-2C02-486A-A10A-65A9DEB377A9}.Debug|x64.Build.0 = Debug|Any CPU
		{0BA8A466-2C02-486A-A10A-65A9DEB377A9}.Debug|x86.ActiveCfg = Debug|Any CPU
		{0BA8A466-2C02-486A-A10A-65A9DEB377A9}.Debug|x86.Build.0 = Debug|Any CPU
		{0BA8A466-2C02-486A-A10A-65A9DEB377A9}.Release|Any CPU.ActiveCfg = Release|Any CPU
		{0BA8A466-2C02-486A-A10A-65A9DEB377A9}.Release|Any CPU.Build.0 = Release|Any CPU
		{0BA8A466-2C02-486A-A10A-65A9DEB377A9}.Release|x64.ActiveCfg = Release|Any CPU
		{0BA8A466-2C02-486A-A10A-65A9DEB377A9}.Release|x64.Build.0 = Release|Any CPU
		{0BA8A466-2C02-486A-A10A-65A9DEB377A9}.Release|x86.ActiveCfg = Release|Any CPU
		{0BA8A466-2C02-486A-A10A-65A9DEB377A9}.Release|x86.Build.0 = Release|Any CPU
		{EC331809-82CC-4637-AD12-D30C582658F1}.Debug|Any CPU.ActiveCfg = Debug|Any CPU
		{EC331809-82CC-4637-AD12-D30C582658F1}.Debug|Any CPU.Build.0 = Debug|Any CPU
		{EC331809-82CC-4637-AD12-D30C582658F1}.Debug|x64.ActiveCfg = Debug|Any CPU
		{EC331809-82CC-4637-AD12-D30C582658F1}.Debug|x64.Build.0 = Debug|Any CPU
		{EC331809-82CC-4637-AD12-D30C582658F1}.Debug|x86.ActiveCfg = Debug|Any CPU
		{EC331809-82CC-4637-AD12-D30C582658F1}.Debug|x86.Build.0 = Debug|Any CPU
		{EC331809-82CC-4637-AD12-D30C582658F1}.Release|Any CPU.ActiveCfg = Release|Any CPU
		{EC331809-82CC-4637-AD12-D30C582658F1}.Release|Any CPU.Build.0 = Release|Any CPU
		{EC331809-82CC-4637-AD12-D30C582658F1}.Release|x64.ActiveCfg = Release|Any CPU
		{EC331809-82CC-4637-AD12-D30C582658F1}.Release|x64.Build.0 = Release|Any CPU
		{EC331809-82CC-4637-AD12-D30C582658F1}.Release|x86.ActiveCfg = Release|Any CPU
		{EC331809-82CC-4637-AD12-D30C582658F1}.Release|x86.Build.0 = Release|Any CPU
		{BD035115-60C4-4445-A2BC-AF74BD417DC5}.Debug|Any CPU.ActiveCfg = Debug|Any CPU
		{BD035115-60C4-4445-A2BC-AF74BD417DC5}.Debug|Any CPU.Build.0 = Debug|Any CPU
		{BD035115-60C4-4445-A2BC-AF74BD417DC5}.Debug|x64.ActiveCfg = Debug|Any CPU
		{BD035115-60C4-4445-A2BC-AF74BD417DC5}.Debug|x64.Build.0 = Debug|Any CPU
		{BD035115-60C4-4445-A2BC-AF74BD417DC5}.Debug|x86.ActiveCfg = Debug|Any CPU
		{BD035115-60C4-4445-A2BC-AF74BD417DC5}.Debug|x86.Build.0 = Debug|Any CPU
		{BD035115-60C4-4445-A2BC-AF74BD417DC5}.Release|Any CPU.ActiveCfg = Release|Any CPU
		{BD035115-60C4-4445-A2BC-AF74BD417DC5}.Release|Any CPU.Build.0 = Release|Any CPU
		{BD035115-60C4-4445-A2BC-AF74BD417DC5}.Release|x64.ActiveCfg = Release|Any CPU
		{BD035115-60C4-4445-A2BC-AF74BD417DC5}.Release|x64.Build.0 = Release|Any CPU
		{BD035115-60C4-4445-A2BC-AF74BD417DC5}.Release|x86.ActiveCfg = Release|Any CPU
		{BD035115-60C4-4445-A2BC-AF74BD417DC5}.Release|x86.Build.0 = Release|Any CPU
		{434AB51B-AD26-4276-9BDC-2C3E1463BC6F}.Debug|Any CPU.ActiveCfg = Debug|Any CPU
		{434AB51B-AD26-4276-9BDC-2C3E1463BC6F}.Debug|Any CPU.Build.0 = Debug|Any CPU
		{434AB51B-AD26-4276-9BDC-2C3E1463BC6F}.Debug|x64.ActiveCfg = Debug|Any CPU
		{434AB51B-AD26-4276-9BDC-2C3E1463BC6F}.Debug|x64.Build.0 = Debug|Any CPU
		{434AB51B-AD26-4276-9BDC-2C3E1463BC6F}.Debug|x86.ActiveCfg = Debug|Any CPU
		{434AB51B-AD26-4276-9BDC-2C3E1463BC6F}.Debug|x86.Build.0 = Debug|Any CPU
		{434AB51B-AD26-4276-9BDC-2C3E1463BC6F}.Release|Any CPU.ActiveCfg = Release|Any CPU
		{434AB51B-AD26-4276-9BDC-2C3E1463BC6F}.Release|Any CPU.Build.0 = Release|Any CPU
		{434AB51B-AD26-4276-9BDC-2C3E1463BC6F}.Release|x64.ActiveCfg = Release|Any CPU
		{434AB51B-AD26-4276-9BDC-2C3E1463BC6F}.Release|x64.Build.0 = Release|Any CPU
		{434AB51B-AD26-4276-9BDC-2C3E1463BC6F}.Release|x86.ActiveCfg = Release|Any CPU
		{434AB51B-AD26-4276-9BDC-2C3E1463BC6F}.Release|x86.Build.0 = Release|Any CPU
		{A8EC12E8-6B56-42BF-8595-FBBF457D22EA}.Debug|Any CPU.ActiveCfg = Debug|Any CPU
		{A8EC12E8-6B56-42BF-8595-FBBF457D22EA}.Debug|Any CPU.Build.0 = Debug|Any CPU
		{A8EC12E8-6B56-42BF-8595-FBBF457D22EA}.Debug|x64.ActiveCfg = Debug|Any CPU
		{A8EC12E8-6B56-42BF-8595-FBBF457D22EA}.Debug|x64.Build.0 = Debug|Any CPU
		{A8EC12E8-6B56-42BF-8595-FBBF457D22EA}.Debug|x86.ActiveCfg = Debug|Any CPU
		{A8EC12E8-6B56-42BF-8595-FBBF457D22EA}.Debug|x86.Build.0 = Debug|Any CPU
		{A8EC12E8-6B56-42BF-8595-FBBF457D22EA}.Release|Any CPU.ActiveCfg = Release|Any CPU
		{A8EC12E8-6B56-42BF-8595-FBBF457D22EA}.Release|Any CPU.Build.0 = Release|Any CPU
		{A8EC12E8-6B56-42BF-8595-FBBF457D22EA}.Release|x64.ActiveCfg = Release|Any CPU
		{A8EC12E8-6B56-42BF-8595-FBBF457D22EA}.Release|x64.Build.0 = Release|Any CPU
		{A8EC12E8-6B56-42BF-8595-FBBF457D22EA}.Release|x86.ActiveCfg = Release|Any CPU
		{A8EC12E8-6B56-42BF-8595-FBBF457D22EA}.Release|x86.Build.0 = Release|Any CPU
		{D970134E-192B-4EB2-AA96-2B38EE97D8B9}.Debug|Any CPU.ActiveCfg = Debug|Any CPU
		{D970134E-192B-4EB2-AA96-2B38EE97D8B9}.Debug|Any CPU.Build.0 = Debug|Any CPU
		{D970134E-192B-4EB2-AA96-2B38EE97D8B9}.Debug|x64.ActiveCfg = Debug|Any CPU
		{D970134E-192B-4EB2-AA96-2B38EE97D8B9}.Debug|x64.Build.0 = Debug|Any CPU
		{D970134E-192B-4EB2-AA96-2B38EE97D8B9}.Debug|x86.ActiveCfg = Debug|Any CPU
		{D970134E-192B-4EB2-AA96-2B38EE97D8B9}.Debug|x86.Build.0 = Debug|Any CPU
		{D970134E-192B-4EB2-AA96-2B38EE97D8B9}.Release|Any CPU.ActiveCfg = Release|Any CPU
		{D970134E-192B-4EB2-AA96-2B38EE97D8B9}.Release|Any CPU.Build.0 = Release|Any CPU
		{D970134E-192B-4EB2-AA96-2B38EE97D8B9}.Release|x64.ActiveCfg = Release|Any CPU
		{D970134E-192B-4EB2-AA96-2B38EE97D8B9}.Release|x64.Build.0 = Release|Any CPU
		{D970134E-192B-4EB2-AA96-2B38EE97D8B9}.Release|x86.ActiveCfg = Release|Any CPU
		{D970134E-192B-4EB2-AA96-2B38EE97D8B9}.Release|x86.Build.0 = Release|Any CPU
		{4EB65C64-8229-4322-9481-B5B1B092EDEC}.Debug|Any CPU.ActiveCfg = Debug|Any CPU
		{4EB65C64-8229-4322-9481-B5B1B092EDEC}.Debug|Any CPU.Build.0 = Debug|Any CPU
		{4EB65C64-8229-4322-9481-B5B1B092EDEC}.Debug|x64.ActiveCfg = Debug|Any CPU
		{4EB65C64-8229-4322-9481-B5B1B092EDEC}.Debug|x64.Build.0 = Debug|Any CPU
		{4EB65C64-8229-4322-9481-B5B1B092EDEC}.Debug|x86.ActiveCfg = Debug|Any CPU
		{4EB65C64-8229-4322-9481-B5B1B092EDEC}.Debug|x86.Build.0 = Debug|Any CPU
		{4EB65C64-8229-4322-9481-B5B1B092EDEC}.Release|Any CPU.ActiveCfg = Release|Any CPU
		{4EB65C64-8229-4322-9481-B5B1B092EDEC}.Release|Any CPU.Build.0 = Release|Any CPU
		{4EB65C64-8229-4322-9481-B5B1B092EDEC}.Release|x64.ActiveCfg = Release|Any CPU
		{4EB65C64-8229-4322-9481-B5B1B092EDEC}.Release|x64.Build.0 = Release|Any CPU
		{4EB65C64-8229-4322-9481-B5B1B092EDEC}.Release|x86.ActiveCfg = Release|Any CPU
		{4EB65C64-8229-4322-9481-B5B1B092EDEC}.Release|x86.Build.0 = Release|Any CPU
		{375FA677-7EDF-4A35-BB89-D544968FBCBA}.Debug|Any CPU.ActiveCfg = Debug|Any CPU
		{375FA677-7EDF-4A35-BB89-D544968FBCBA}.Debug|Any CPU.Build.0 = Debug|Any CPU
		{375FA677-7EDF-4A35-BB89-D544968FBCBA}.Debug|x64.ActiveCfg = Debug|Any CPU
		{375FA677-7EDF-4A35-BB89-D544968FBCBA}.Debug|x64.Build.0 = Debug|Any CPU
		{375FA677-7EDF-4A35-BB89-D544968FBCBA}.Debug|x86.ActiveCfg = Debug|Any CPU
		{375FA677-7EDF-4A35-BB89-D544968FBCBA}.Debug|x86.Build.0 = Debug|Any CPU
		{375FA677-7EDF-4A35-BB89-D544968FBCBA}.Release|Any CPU.ActiveCfg = Release|Any CPU
		{375FA677-7EDF-4A35-BB89-D544968FBCBA}.Release|Any CPU.Build.0 = Release|Any CPU
		{375FA677-7EDF-4A35-BB89-D544968FBCBA}.Release|x64.ActiveCfg = Release|Any CPU
		{375FA677-7EDF-4A35-BB89-D544968FBCBA}.Release|x64.Build.0 = Release|Any CPU
		{375FA677-7EDF-4A35-BB89-D544968FBCBA}.Release|x86.ActiveCfg = Release|Any CPU
		{375FA677-7EDF-4A35-BB89-D544968FBCBA}.Release|x86.Build.0 = Release|Any CPU
		{A38D35B5-3230-4531-90AE-760B8DE27A69}.Debug|Any CPU.ActiveCfg = Debug|Any CPU
		{A38D35B5-3230-4531-90AE-760B8DE27A69}.Debug|Any CPU.Build.0 = Debug|Any CPU
		{A38D35B5-3230-4531-90AE-760B8DE27A69}.Debug|x64.ActiveCfg = Debug|Any CPU
		{A38D35B5-3230-4531-90AE-760B8DE27A69}.Debug|x64.Build.0 = Debug|Any CPU
		{A38D35B5-3230-4531-90AE-760B8DE27A69}.Debug|x86.ActiveCfg = Debug|Any CPU
		{A38D35B5-3230-4531-90AE-760B8DE27A69}.Debug|x86.Build.0 = Debug|Any CPU
		{A38D35B5-3230-4531-90AE-760B8DE27A69}.Release|Any CPU.ActiveCfg = Release|Any CPU
		{A38D35B5-3230-4531-90AE-760B8DE27A69}.Release|Any CPU.Build.0 = Release|Any CPU
		{A38D35B5-3230-4531-90AE-760B8DE27A69}.Release|x64.ActiveCfg = Release|Any CPU
		{A38D35B5-3230-4531-90AE-760B8DE27A69}.Release|x64.Build.0 = Release|Any CPU
		{A38D35B5-3230-4531-90AE-760B8DE27A69}.Release|x86.ActiveCfg = Release|Any CPU
		{A38D35B5-3230-4531-90AE-760B8DE27A69}.Release|x86.Build.0 = Release|Any CPU
		{9BA69363-B9E5-4245-9319-22D6445C6F31}.Debug|Any CPU.ActiveCfg = Debug|Any CPU
		{9BA69363-B9E5-4245-9319-22D6445C6F31}.Debug|Any CPU.Build.0 = Debug|Any CPU
		{9BA69363-B9E5-4245-9319-22D6445C6F31}.Debug|x64.ActiveCfg = Debug|Any CPU
		{9BA69363-B9E5-4245-9319-22D6445C6F31}.Debug|x64.Build.0 = Debug|Any CPU
		{9BA69363-B9E5-4245-9319-22D6445C6F31}.Debug|x86.ActiveCfg = Debug|Any CPU
		{9BA69363-B9E5-4245-9319-22D6445C6F31}.Debug|x86.Build.0 = Debug|Any CPU
		{9BA69363-B9E5-4245-9319-22D6445C6F31}.Release|Any CPU.ActiveCfg = Release|Any CPU
		{9BA69363-B9E5-4245-9319-22D6445C6F31}.Release|Any CPU.Build.0 = Release|Any CPU
		{9BA69363-B9E5-4245-9319-22D6445C6F31}.Release|x64.ActiveCfg = Release|Any CPU
		{9BA69363-B9E5-4245-9319-22D6445C6F31}.Release|x64.Build.0 = Release|Any CPU
		{9BA69363-B9E5-4245-9319-22D6445C6F31}.Release|x86.ActiveCfg = Release|Any CPU
		{9BA69363-B9E5-4245-9319-22D6445C6F31}.Release|x86.Build.0 = Release|Any CPU
		{521223FF-4B4F-4817-B432-5BC6C2CC71D0}.Debug|Any CPU.ActiveCfg = Debug|Any CPU
		{521223FF-4B4F-4817-B432-5BC6C2CC71D0}.Debug|Any CPU.Build.0 = Debug|Any CPU
		{521223FF-4B4F-4817-B432-5BC6C2CC71D0}.Debug|x64.ActiveCfg = Debug|Any CPU
		{521223FF-4B4F-4817-B432-5BC6C2CC71D0}.Debug|x64.Build.0 = Debug|Any CPU
		{521223FF-4B4F-4817-B432-5BC6C2CC71D0}.Debug|x86.ActiveCfg = Debug|Any CPU
		{521223FF-4B4F-4817-B432-5BC6C2CC71D0}.Debug|x86.Build.0 = Debug|Any CPU
		{521223FF-4B4F-4817-B432-5BC6C2CC71D0}.Release|Any CPU.ActiveCfg = Release|Any CPU
		{521223FF-4B4F-4817-B432-5BC6C2CC71D0}.Release|Any CPU.Build.0 = Release|Any CPU
		{521223FF-4B4F-4817-B432-5BC6C2CC71D0}.Release|x64.ActiveCfg = Release|Any CPU
		{521223FF-4B4F-4817-B432-5BC6C2CC71D0}.Release|x64.Build.0 = Release|Any CPU
		{521223FF-4B4F-4817-B432-5BC6C2CC71D0}.Release|x86.ActiveCfg = Release|Any CPU
		{521223FF-4B4F-4817-B432-5BC6C2CC71D0}.Release|x86.Build.0 = Release|Any CPU
		{C50B1FC5-3EC1-47EE-9F38-67ACA0904137}.Debug|Any CPU.ActiveCfg = Debug|Any CPU
		{C50B1FC5-3EC1-47EE-9F38-67ACA0904137}.Debug|Any CPU.Build.0 = Debug|Any CPU
		{C50B1FC5-3EC1-47EE-9F38-67ACA0904137}.Debug|x64.ActiveCfg = Debug|Any CPU
		{C50B1FC5-3EC1-47EE-9F38-67ACA0904137}.Debug|x64.Build.0 = Debug|Any CPU
		{C50B1FC5-3EC1-47EE-9F38-67ACA0904137}.Debug|x86.ActiveCfg = Debug|Any CPU
		{C50B1FC5-3EC1-47EE-9F38-67ACA0904137}.Debug|x86.Build.0 = Debug|Any CPU
		{C50B1FC5-3EC1-47EE-9F38-67ACA0904137}.Release|Any CPU.ActiveCfg = Release|Any CPU
		{C50B1FC5-3EC1-47EE-9F38-67ACA0904137}.Release|Any CPU.Build.0 = Release|Any CPU
		{C50B1FC5-3EC1-47EE-9F38-67ACA0904137}.Release|x64.ActiveCfg = Release|Any CPU
		{C50B1FC5-3EC1-47EE-9F38-67ACA0904137}.Release|x64.Build.0 = Release|Any CPU
		{C50B1FC5-3EC1-47EE-9F38-67ACA0904137}.Release|x86.ActiveCfg = Release|Any CPU
		{C50B1FC5-3EC1-47EE-9F38-67ACA0904137}.Release|x86.Build.0 = Release|Any CPU
	EndGlobalSection
	GlobalSection(SolutionProperties) = preSolution
		HideSolutionNode = FALSE
	EndGlobalSection
	GlobalSection(NestedProjects) = preSolution
		{90298CBA-BD6F-3A0A-69D5-97CAD7B05E7E} = {827E0CD3-B72D-47B6-A68D-7590B98EB39B}
		{13B853DE-0E66-4311-8F13-22C643B63E78} = {90298CBA-BD6F-3A0A-69D5-97CAD7B05E7E}
		{FB12AD81-F349-4635-AD96-898D233F6DB2} = {90298CBA-BD6F-3A0A-69D5-97CAD7B05E7E}
		{CC1A6159-4FC4-4058-AA06-87EAC64E5B41} = {90298CBA-BD6F-3A0A-69D5-97CAD7B05E7E}
		{05338572-03F4-4CF7-BBF2-0B0DC8C7CF29} = {90298CBA-BD6F-3A0A-69D5-97CAD7B05E7E}
		{FCA01246-F2C6-0AA7-D43F-FD13BE0B9D88} = {827E0CD3-B72D-47B6-A68D-7590B98EB39B}
		{E41BC718-5589-466D-9555-431B982B0C39} = {FCA01246-F2C6-0AA7-D43F-FD13BE0B9D88}
		{7D5EC2AC-84EF-4D7D-BB39-81679298717C} = {90298CBA-BD6F-3A0A-69D5-97CAD7B05E7E}
		{984BB9B3-3FA3-BE33-9484-CAC21695A33C} = {827E0CD3-B72D-47B6-A68D-7590B98EB39B}
		{1BFC9479-12BF-35C3-06B8-42D89D95092B} = {984BB9B3-3FA3-BE33-9484-CAC21695A33C}
		{887CC894-87A3-4CD5-8604-E58799E05C39} = {1BFC9479-12BF-35C3-06B8-42D89D95092B}
		{1EA0E575-6026-47B9-8A1D-90BFB9A68AA8} = {1BFC9479-12BF-35C3-06B8-42D89D95092B}
		{76CEFDC3-4B38-43EF-96F7-6F06BBE8DFBA} = {1BFC9479-12BF-35C3-06B8-42D89D95092B}
		{7082DF3B-70BD-4B28-95BA-314F9549E3FE} = {1BFC9479-12BF-35C3-06B8-42D89D95092B}
		{6792783D-ADFB-1DC9-8301-92642CD8F804} = {984BB9B3-3FA3-BE33-9484-CAC21695A33C}
		{910C3DF1-520F-49BE-ACED-86DBC30EF05A} = {6792783D-ADFB-1DC9-8301-92642CD8F804}
		{C58C0DBE-C034-40E7-92CA-4E268DD4AAF6} = {6792783D-ADFB-1DC9-8301-92642CD8F804}
		{BCB049BB-19D5-4747-BF0D-8F2A84CF77FA} = {6792783D-ADFB-1DC9-8301-92642CD8F804}
		{7A1AF113-669D-41C7-ADED-83C7D1EB5B02} = {6792783D-ADFB-1DC9-8301-92642CD8F804}
		{FA3FA135-E556-ABE6-1C98-16301F32AE9B} = {984BB9B3-3FA3-BE33-9484-CAC21695A33C}
		{0BA8A466-2C02-486A-A10A-65A9DEB377A9} = {FA3FA135-E556-ABE6-1C98-16301F32AE9B}
		{EC331809-82CC-4637-AD12-D30C582658F1} = {FA3FA135-E556-ABE6-1C98-16301F32AE9B}
		{BD035115-60C4-4445-A2BC-AF74BD417DC5} = {FA3FA135-E556-ABE6-1C98-16301F32AE9B}
		{434AB51B-AD26-4276-9BDC-2C3E1463BC6F} = {FA3FA135-E556-ABE6-1C98-16301F32AE9B}
		{C0F25937-FF25-CB73-CC38-630AA141980E} = {984BB9B3-3FA3-BE33-9484-CAC21695A33C}
		{A8EC12E8-6B56-42BF-8595-FBBF457D22EA} = {C0F25937-FF25-CB73-CC38-630AA141980E}
		{D970134E-192B-4EB2-AA96-2B38EE97D8B9} = {C0F25937-FF25-CB73-CC38-630AA141980E}
		{4EB65C64-8229-4322-9481-B5B1B092EDEC} = {C0F25937-FF25-CB73-CC38-630AA141980E}
		{375FA677-7EDF-4A35-BB89-D544968FBCBA} = {C0F25937-FF25-CB73-CC38-630AA141980E}
		{023B9AA2-7486-B2A3-4322-CC29E28BB2EB} = {984BB9B3-3FA3-BE33-9484-CAC21695A33C}
		{A38D35B5-3230-4531-90AE-760B8DE27A69} = {023B9AA2-7486-B2A3-4322-CC29E28BB2EB}
		{9BA69363-B9E5-4245-9319-22D6445C6F31} = {023B9AA2-7486-B2A3-4322-CC29E28BB2EB}
		{521223FF-4B4F-4817-B432-5BC6C2CC71D0} = {023B9AA2-7486-B2A3-4322-CC29E28BB2EB}
		{C50B1FC5-3EC1-47EE-9F38-67ACA0904137} = {023B9AA2-7486-B2A3-4322-CC29E28BB2EB}
	EndGlobalSection
	GlobalSection(ExtensibilityGlobals) = postSolution
		SolutionGuid = {EFEBE274-114C-4A77-B9AC-BB71867FEB26}
	EndGlobalSection
EndGlobal
