
Microsoft Visual Studio Solution File, Format Version 12.00
# Visual Studio Version 17
VisualStudioVersion = 17.0.31903.59
MinimumVisualStudioVersion = 10.0.40219.1
Project("{2150E333-8FDC-42A3-9474-1A3956D46DE8}") = "src", "src", "{827E0CD3-B72D-47B6-A68D-7590B98EB39B}"
EndProject
Project("{2150E333-8FDC-42A3-9474-1A3956D46DE8}") = "Services", "Services", "{984BB9B3-3FA3-BE33-9484-CAC21695A33C}"
EndProject
Project("{2150E333-8FDC-42A3-9474-1A3956D46DE8}") = "Task", "Task", "{FA3FA135-E556-ABE6-1C98-16301F32AE9B}"
EndProject
Project("{FAE04EC0-301F-11D3-BF4B-00C04F79EFBC}") = "TaskFlow.Task.Domain", "src\Services\Task\TaskFlow.Task.Domain\TaskFlow.Task.Domain.csproj", "{63D807FC-FBCF-4B7A-B5E8-BE2EB10BDAFF}"
EndProject
Project("{FAE04EC0-301F-11D3-BF4B-00C04F79EFBC}") = "TaskFlow.Task.Application", "src\Services\Task\TaskFlow.Task.Application\TaskFlow.Task.Application.csproj", "{37AC2141-9A17-4756-9CF6-38F3F1C0FF40}"
EndProject
Project("{FAE04EC0-301F-11D3-BF4B-00C04F79EFBC}") = "TaskFlow.Task.Infrastructure", "src\Services\Task\TaskFlow.Task.Infrastructure\TaskFlow.Task.Infrastructure.csproj", "{744EEFDB-D391-4764-8499-D322540C3FC5}"
EndProject
Project("{FAE04EC0-301F-11D3-BF4B-00C04F79EFBC}") = "TaskFlow.Task.API", "src\Services\Task\TaskFlow.Task.API\TaskFlow.Task.API.csproj", "{7BC462F2-A454-49C2-92C7-97E14D9C30C0}"
EndProject
Project("{2150E333-8FDC-42A3-9474-1A3956D46DE8}") = "User", "User", "{6792783D-ADFB-1DC9-8301-92642CD8F804}"
EndProject
Project("{FAE04EC0-301F-11D3-BF4B-00C04F79EFBC}") = "TaskFlow.User.Domain", "src\Services\User\TaskFlow.User.Domain\TaskFlow.User.Domain.csproj", "{10443223-9075-415B-A596-4F8A0FAF5FF7}"
EndProject
Project("{FAE04EC0-301F-11D3-BF4B-00C04F79EFBC}") = "TaskFlow.User.Application", "src\Services\User\TaskFlow.User.Application\TaskFlow.User.Application.csproj", "{F885FB46-8809-4AA5-A793-77B1FF988309}"
EndProject
Project("{FAE04EC0-301F-11D3-BF4B-00C04F79EFBC}") = "TaskFlow.User.Infrastructure", "src\Services\User\TaskFlow.User.Infrastructure\TaskFlow.User.Infrastructure.csproj", "{43306FE8-F13C-45CE-8014-C992555279F6}"
EndProject
Project("{FAE04EC0-301F-11D3-BF4B-00C04F79EFBC}") = "TaskFlow.User.API", "src\Services\User\TaskFlow.User.API\TaskFlow.User.API.csproj", "{6BCEA195-9954-4A22-A47C-2D7FE1CDBD1C}"
EndProject
Project("{2150E333-8FDC-42A3-9474-1A3956D46DE8}") = "Identity", "Identity", "{1BFC9479-12BF-35C3-06B8-42D89D95092B}"
EndProject
Project("{FAE04EC0-301F-11D3-BF4B-00C04F79EFBC}") = "TaskFlow.Identity.Domain", "src\Services\Identity\TaskFlow.Identity.Domain\TaskFlow.Identity.Domain.csproj", "{6A9F2E53-1770-49BD-94F4-FF089AC27AB1}"
EndProject
Project("{FAE04EC0-301F-11D3-BF4B-00C04F79EFBC}") = "TaskFlow.Identity.Application", "src\Services\Identity\TaskFlow.Identity.Application\TaskFlow.Identity.Application.csproj", "{FE70ED6B-A8B1-4643-A2BA-A88C9D72FBF5}"
EndProject
Project("{FAE04EC0-301F-11D3-BF4B-00C04F79EFBC}") = "TaskFlow.Identity.Infrastructure", "src\Services\Identity\TaskFlow.Identity.Infrastructure\TaskFlow.Identity.Infrastructure.csproj", "{44250D25-BFE3-4084-9E17-DDC30993A030}"
EndProject
Project("{FAE04EC0-301F-11D3-BF4B-00C04F79EFBC}") = "TaskFlow.Identity.API", "src\Services\Identity\TaskFlow.Identity.API\TaskFlow.Identity.API.csproj", "{55FF38F5-86F7-44ED-BB89-6C30A6BAB2F1}"
EndProject
Project("{2150E333-8FDC-42A3-9474-1A3956D46DE8}") = "Notif", "Notif", "{C0F25937-FF25-CB73-CC38-630AA141980E}"
EndProject
Project("{FAE04EC0-301F-11D3-BF4B-00C04F79EFBC}") = "TaskFlow.Notif.Domain", "src\Services\Notif\TaskFlow.Notif.Domain\TaskFlow.Notif.Domain.csproj", "{DF23710D-B8A3-45CA-9945-94EB995DD1FB}"
EndProject
Project("{FAE04EC0-301F-11D3-BF4B-00C04F79EFBC}") = "TaskFlow.Notif.Application", "src\Services\Notif\TaskFlow.Notif.Application\TaskFlow.Notif.Application.csproj", "{F52AC51E-5F0D-4610-BF81-5F0FCE03EB82}"
EndProject
Project("{FAE04EC0-301F-11D3-BF4B-00C04F79EFBC}") = "TaskFlow.Notif.Infrastructure", "src\Services\Notif\TaskFlow.Notif.Infrastructure\TaskFlow.Notif.Infrastructure.csproj", "{CE4BDDFD-35C7-4009-BDE8-FA4A44320677}"
EndProject
Project("{FAE04EC0-301F-11D3-BF4B-00C04F79EFBC}") = "TaskFlow.Notif.API", "src\Services\Notif\TaskFlow.Notif.API\TaskFlow.Notif.API.csproj", "{8C37DAF2-2262-40DD-837C-7AB1008F1312}"
EndProject
Project("{2150E333-8FDC-42A3-9474-1A3956D46DE8}") = "BuildingBlocks", "BuildingBlocks", "{90298CBA-BD6F-3A0A-69D5-97CAD7B05E7E}"
EndProject
Project("{FAE04EC0-301F-11D3-BF4B-00C04F79EFBC}") = "TaskFlow.BuildingBlocks.Common", "src\BuildingBlocks\TaskFlow.BuildingBlocks.Common\TaskFlow.BuildingBlocks.Common.csproj", "{13B853DE-0E66-4311-8F13-22C643B63E78}"
EndProject
Project("{FAE04EC0-301F-11D3-BF4B-00C04F79EFBC}") = "TaskFlow.BuildingBlocks.Messaging", "src\BuildingBlocks\TaskFlow.BuildingBlocks.Messaging\TaskFlow.BuildingBlocks.Messaging.csproj", "{FB12AD81-F349-4635-AD96-898D233F6DB2}"
EndProject
Project("{FAE04EC0-301F-11D3-BF4B-00C04F79EFBC}") = "TaskFlow.BuildingBlocks.EventBus", "src\BuildingBlocks\TaskFlow.BuildingBlocks.EventBus\TaskFlow.BuildingBlocks.EventBus.csproj", "{CC1A6159-4FC4-4058-AA06-87EAC64E5B41}"
EndProject
Project("{FAE04EC0-301F-11D3-BF4B-00C04F79EFBC}") = "TaskFlow.BuildingBlocks.Caching", "src\BuildingBlocks\TaskFlow.BuildingBlocks.Caching\TaskFlow.BuildingBlocks.Caching.csproj", "{05338572-03F4-4CF7-BBF2-0B0DC8C7CF29}"
EndProject
Project("{2150E333-8FDC-42A3-9474-1A3956D46DE8}") = "ApiGateway", "ApiGateway", "{FCA01246-F2C6-0AA7-D43F-FD13BE0B9D88}"
EndProject
Project("{FAE04EC0-301F-11D3-BF4B-00C04F79EFBC}") = "TaskFlow.Gateway", "src\ApiGateway\TaskFlow.Gateway\TaskFlow.Gateway.csproj", "{E41BC718-5589-466D-9555-431B982B0C39}"
EndProject
Project("{2150E333-8FDC-42A3-9474-1A3956D46DE8}") = "tests", "tests", "{0AB3BF05-4346-4AA6-1389-037BE0695223}"
EndProject
Project("{2150E333-8FDC-42A3-9474-1A3956D46DE8}") = "UnitTests", "UnitTests", "{394A81D9-3C45-9818-BB26-23F2B85056FF}"
EndProject
Project("{FAE04EC0-301F-11D3-BF4B-00C04F79EFBC}") = "TaskFlow.Task.UnitTests", "tests\UnitTests\TaskFlow.Task.UnitTests\TaskFlow.Task.UnitTests.csproj", "{82EDD784-F281-461E-89BF-A271796DA6B6}"
EndProject
Project("{FAE04EC0-301F-11D3-BF4B-00C04F79EFBC}") = "TaskFlow.User.UnitTests", "tests\UnitTests\TaskFlow.User.UnitTests\TaskFlow.User.UnitTests.csproj", "{69F27AB5-D19F-4D5E-8646-B2E1E1AD1D51}"
EndProject
Project("{FAE04EC0-301F-11D3-BF4B-00C04F79EFBC}") = "TaskFlow.Identity.UnitTests", "tests\UnitTests\TaskFlow.Identity.UnitTests\TaskFlow.Identity.UnitTests.csproj", "{441824B4-184E-4B1F-9DD4-394C55CC0085}"
EndProject
Project("{FAE04EC0-301F-11D3-BF4B-00C04F79EFBC}") = "TaskFlow.Notif.UnitTests", "tests\UnitTests\TaskFlow.Notif.UnitTests\TaskFlow.Notif.UnitTests.csproj", "{EEF16F51-2AC5-48B6-AF24-9A782B6A40F8}"
EndProject
Project("{2150E333-8FDC-42A3-9474-1A3956D46DE8}") = "IntegrationTests", "IntegrationTests", "{30785934-E017-5D9F-2777-3D61460A5281}"
EndProject
Project("{FAE04EC0-301F-11D3-BF4B-00C04F79EFBC}") = "TaskFlow.Task.IntegrationTests", "tests\IntegrationTests\TaskFlow.Task.IntegrationTests\TaskFlow.Task.IntegrationTests.csproj", "{8095482F-2926-4BF8-A160-633E291BF2BC}"
EndProject
Project("{FAE04EC0-301F-11D3-BF4B-00C04F79EFBC}") = "TaskFlow.User.IntegrationTests", "tests\IntegrationTests\TaskFlow.User.IntegrationTests\TaskFlow.User.IntegrationTests.csproj", "{47DD29E8-7BE7-4ADF-873D-EA2335D9294F}"
EndProject
Project("{FAE04EC0-301F-11D3-BF4B-00C04F79EFBC}") = "TaskFlow.Identity.IntegrationTests", "tests\IntegrationTests\TaskFlow.Identity.IntegrationTests\TaskFlow.Identity.IntegrationTests.csproj", "{119A42AF-FC43-4108-9EB7-CAFDE70D57EA}"
EndProject
Project("{FAE04EC0-301F-11D3-BF4B-00C04F79EFBC}") = "TaskFlow.Notif.IntegrationTests", "tests\IntegrationTests\TaskFlow.Notif.IntegrationTests\TaskFlow.Notif.IntegrationTests.csproj", "{D5EFF54E-8FEC-4C51-9582-D0F02CFB74E1}"
EndProject
Project("{2150E333-8FDC-42A3-9474-1A3956D46DE8}") = "ArchitectureTests", "ArchitectureTests", "{8AD23086-AE11-148E-B2B6-9F0F94287E0D}"
EndProject
Project("{FAE04EC0-301F-11D3-BF4B-00C04F79EFBC}") = "TaskFlow.ArchitectureTests", "tests\ArchitectureTests\TaskFlow.ArchitectureTests\TaskFlow.ArchitectureTests.csproj", "{738A5EAE-1425-4A0F-B0A8-B9031D11161A}"
EndProject
Project("{2150E333-8FDC-42A3-9474-1A3956D46DE8}") = "Solution Items", "Solution Items", "{02EA681E-C7D8-13C7-8484-4AC65E1B71E8}"
EndProject
Global
	GlobalSection(SolutionConfigurationPlatforms) = preSolution
		Debug|Any CPU = Debug|Any CPU
		Debug|x64 = Debug|x64
		Debug|x86 = Debug|x86
		Release|Any CPU = Release|Any CPU
		Release|x64 = Release|x64
		Release|x86 = Release|x86
	EndGlobalSection
	GlobalSection(ProjectConfigurationPlatforms) = postSolution
		{63D807FC-FBCF-4B7A-B5E8-BE2EB10BDAFF}.Debug|Any CPU.ActiveCfg = Debug|Any CPU
		{63D807FC-FBCF-4B7A-B5E8-BE2EB10BDAFF}.Debug|Any CPU.Build.0 = Debug|Any CPU
		{63D807FC-FBCF-4B7A-B5E8-BE2EB10BDAFF}.Debug|x64.ActiveCfg = Debug|Any CPU
		{63D807FC-FBCF-4B7A-B5E8-BE2EB10BDAFF}.Debug|x64.Build.0 = Debug|Any CPU
		{63D807FC-FBCF-4B7A-B5E8-BE2EB10BDAFF}.Debug|x86.ActiveCfg = Debug|Any CPU
		{63D807FC-FBCF-4B7A-B5E8-BE2EB10BDAFF}.Debug|x86.Build.0 = Debug|Any CPU
		{63D807FC-FBCF-4B7A-B5E8-BE2EB10BDAFF}.Release|Any CPU.ActiveCfg = Release|Any CPU
		{63D807FC-FBCF-4B7A-B5E8-BE2EB10BDAFF}.Release|Any CPU.Build.0 = Release|Any CPU
		{63D807FC-FBCF-4B7A-B5E8-BE2EB10BDAFF}.Release|x64.ActiveCfg = Release|Any CPU
		{63D807FC-FBCF-4B7A-B5E8-BE2EB10BDAFF}.Release|x64.Build.0 = Release|Any CPU
		{63D807FC-FBCF-4B7A-B5E8-BE2EB10BDAFF}.Release|x86.ActiveCfg = Release|Any CPU
		{63D807FC-FBCF-4B7A-B5E8-BE2EB10BDAFF}.Release|x86.Build.0 = Release|Any CPU
		{37AC2141-9A17-4756-9CF6-38F3F1C0FF40}.Debug|Any CPU.ActiveCfg = Debug|Any CPU
		{37AC2141-9A17-4756-9CF6-38F3F1C0FF40}.Debug|Any CPU.Build.0 = Debug|Any CPU
		{37AC2141-9A17-4756-9CF6-38F3F1C0FF40}.Debug|x64.ActiveCfg = Debug|Any CPU
		{37AC2141-9A17-4756-9CF6-38F3F1C0FF40}.Debug|x64.Build.0 = Debug|Any CPU
		{37AC2141-9A17-4756-9CF6-38F3F1C0FF40}.Debug|x86.ActiveCfg = Debug|Any CPU
		{37AC2141-9A17-4756-9CF6-38F3F1C0FF40}.Debug|x86.Build.0 = Debug|Any CPU
		{37AC2141-9A17-4756-9CF6-38F3F1C0FF40}.Release|Any CPU.ActiveCfg = Release|Any CPU
		{37AC2141-9A17-4756-9CF6-38F3F1C0FF40}.Release|Any CPU.Build.0 = Release|Any CPU
		{37AC2141-9A17-4756-9CF6-38F3F1C0FF40}.Release|x64.ActiveCfg = Release|Any CPU
		{37AC2141-9A17-4756-9CF6-38F3F1C0FF40}.Release|x64.Build.0 = Release|Any CPU
		{37AC2141-9A17-4756-9CF6-38F3F1C0FF40}.Release|x86.ActiveCfg = Release|Any CPU
		{37AC2141-9A17-4756-9CF6-38F3F1C0FF40}.Release|x86.Build.0 = Release|Any CPU
		{744EEFDB-D391-4764-8499-D322540C3FC5}.Debug|Any CPU.ActiveCfg = Debug|Any CPU
		{744EEFDB-D391-4764-8499-D322540C3FC5}.Debug|Any CPU.Build.0 = Debug|Any CPU
		{744EEFDB-D391-4764-8499-D322540C3FC5}.Debug|x64.ActiveCfg = Debug|Any CPU
		{744EEFDB-D391-4764-8499-D322540C3FC5}.Debug|x64.Build.0 = Debug|Any CPU
		{744EEFDB-D391-4764-8499-D322540C3FC5}.Debug|x86.ActiveCfg = Debug|Any CPU
		{744EEFDB-D391-4764-8499-D322540C3FC5}.Debug|x86.Build.0 = Debug|Any CPU
		{744EEFDB-D391-4764-8499-D322540C3FC5}.Release|Any CPU.ActiveCfg = Release|Any CPU
		{744EEFDB-D391-4764-8499-D322540C3FC5}.Release|Any CPU.Build.0 = Release|Any CPU
		{744EEFDB-D391-4764-8499-D322540C3FC5}.Release|x64.ActiveCfg = Release|Any CPU
		{744EEFDB-D391-4764-8499-D322540C3FC5}.Release|x64.Build.0 = Release|Any CPU
		{744EEFDB-D391-4764-8499-D322540C3FC5}.Release|x86.ActiveCfg = Release|Any CPU
		{744EEFDB-D391-4764-8499-D322540C3FC5}.Release|x86.Build.0 = Release|Any CPU
		{7BC462F2-A454-49C2-92C7-97E14D9C30C0}.Debug|Any CPU.ActiveCfg = Debug|Any CPU
		{7BC462F2-A454-49C2-92C7-97E14D9C30C0}.Debug|Any CPU.Build.0 = Debug|Any CPU
		{7BC462F2-A454-49C2-92C7-97E14D9C30C0}.Debug|x64.ActiveCfg = Debug|Any CPU
		{7BC462F2-A454-49C2-92C7-97E14D9C30C0}.Debug|x64.Build.0 = Debug|Any CPU
		{7BC462F2-A454-49C2-92C7-97E14D9C30C0}.Debug|x86.ActiveCfg = Debug|Any CPU
		{7BC462F2-A454-49C2-92C7-97E14D9C30C0}.Debug|x86.Build.0 = Debug|Any CPU
		{7BC462F2-A454-49C2-92C7-97E14D9C30C0}.Release|Any CPU.ActiveCfg = Release|Any CPU
		{7BC462F2-A454-49C2-92C7-97E14D9C30C0}.Release|Any CPU.Build.0 = Release|Any CPU
		{7BC462F2-A454-49C2-92C7-97E14D9C30C0}.Release|x64.ActiveCfg = Release|Any CPU
		{7BC462F2-A454-49C2-92C7-97E14D9C30C0}.Release|x64.Build.0 = Release|Any CPU
		{7BC462F2-A454-49C2-92C7-97E14D9C30C0}.Release|x86.ActiveCfg = Release|Any CPU
		{7BC462F2-A454-49C2-92C7-97E14D9C30C0}.Release|x86.Build.0 = Release|Any CPU
		{10443223-9075-415B-A596-4F8A0FAF5FF7}.Debug|Any CPU.ActiveCfg = Debug|Any CPU
		{10443223-9075-415B-A596-4F8A0FAF5FF7}.Debug|Any CPU.Build.0 = Debug|Any CPU
		{10443223-9075-415B-A596-4F8A0FAF5FF7}.Debug|x64.ActiveCfg = Debug|Any CPU
		{10443223-9075-415B-A596-4F8A0FAF5FF7}.Debug|x64.Build.0 = Debug|Any CPU
		{10443223-9075-415B-A596-4F8A0FAF5FF7}.Debug|x86.ActiveCfg = Debug|Any CPU
		{10443223-9075-415B-A596-4F8A0FAF5FF7}.Debug|x86.Build.0 = Debug|Any CPU
		{10443223-9075-415B-A596-4F8A0FAF5FF7}.Release|Any CPU.ActiveCfg = Release|Any CPU
		{10443223-9075-415B-A596-4F8A0FAF5FF7}.Release|Any CPU.Build.0 = Release|Any CPU
		{10443223-9075-415B-A596-4F8A0FAF5FF7}.Release|x64.ActiveCfg = Release|Any CPU
		{10443223-9075-415B-A596-4F8A0FAF5FF7}.Release|x64.Build.0 = Release|Any CPU
		{10443223-9075-415B-A596-4F8A0FAF5FF7}.Release|x86.ActiveCfg = Release|Any CPU
		{10443223-9075-415B-A596-4F8A0FAF5FF7}.Release|x86.Build.0 = Release|Any CPU
		{F885FB46-8809-4AA5-A793-77B1FF988309}.Debug|Any CPU.ActiveCfg = Debug|Any CPU
		{F885FB46-8809-4AA5-A793-77B1FF988309}.Debug|Any CPU.Build.0 = Debug|Any CPU
		{F885FB46-8809-4AA5-A793-77B1FF988309}.Debug|x64.ActiveCfg = Debug|Any CPU
		{F885FB46-8809-4AA5-A793-77B1FF988309}.Debug|x64.Build.0 = Debug|Any CPU
		{F885FB46-8809-4AA5-A793-77B1FF988309}.Debug|x86.ActiveCfg = Debug|Any CPU
		{F885FB46-8809-4AA5-A793-77B1FF988309}.Debug|x86.Build.0 = Debug|Any CPU
		{F885FB46-8809-4AA5-A793-77B1FF988309}.Release|Any CPU.ActiveCfg = Release|Any CPU
		{F885FB46-8809-4AA5-A793-77B1FF988309}.Release|Any CPU.Build.0 = Release|Any CPU
		{F885FB46-8809-4AA5-A793-77B1FF988309}.Release|x64.ActiveCfg = Release|Any CPU
		{F885FB46-8809-4AA5-A793-77B1FF988309}.Release|x64.Build.0 = Release|Any CPU
		{F885FB46-8809-4AA5-A793-77B1FF988309}.Release|x86.ActiveCfg = Release|Any CPU
		{F885FB46-8809-4AA5-A793-77B1FF988309}.Release|x86.Build.0 = Release|Any CPU
		{43306FE8-F13C-45CE-8014-C992555279F6}.Debug|Any CPU.ActiveCfg = Debug|Any CPU
		{43306FE8-F13C-45CE-8014-C992555279F6}.Debug|Any CPU.Build.0 = Debug|Any CPU
		{43306FE8-F13C-45CE-8014-C992555279F6}.Debug|x64.ActiveCfg = Debug|Any CPU
		{43306FE8-F13C-45CE-8014-C992555279F6}.Debug|x64.Build.0 = Debug|Any CPU
		{43306FE8-F13C-45CE-8014-C992555279F6}.Debug|x86.ActiveCfg = Debug|Any CPU
		{43306FE8-F13C-45CE-8014-C992555279F6}.Debug|x86.Build.0 = Debug|Any CPU
		{43306FE8-F13C-45CE-8014-C992555279F6}.Release|Any CPU.ActiveCfg = Release|Any CPU
		{43306FE8-F13C-45CE-8014-C992555279F6}.Release|Any CPU.Build.0 = Release|Any CPU
		{43306FE8-F13C-45CE-8014-C992555279F6}.Release|x64.ActiveCfg = Release|Any CPU
		{43306FE8-F13C-45CE-8014-C992555279F6}.Release|x64.Build.0 = Release|Any CPU
		{43306FE8-F13C-45CE-8014-C992555279F6}.Release|x86.ActiveCfg = Release|Any CPU
		{43306FE8-F13C-45CE-8014-C992555279F6}.Release|x86.Build.0 = Release|Any CPU
		{6BCEA195-9954-4A22-A47C-2D7FE1CDBD1C}.Debug|Any CPU.ActiveCfg = Debug|Any CPU
		{6BCEA195-9954-4A22-A47C-2D7FE1CDBD1C}.Debug|Any CPU.Build.0 = Debug|Any CPU
		{6BCEA195-9954-4A22-A47C-2D7FE1CDBD1C}.Debug|x64.ActiveCfg = Debug|Any CPU
		{6BCEA195-9954-4A22-A47C-2D7FE1CDBD1C}.Debug|x64.Build.0 = Debug|Any CPU
		{6BCEA195-9954-4A22-A47C-2D7FE1CDBD1C}.Debug|x86.ActiveCfg = Debug|Any CPU
		{6BCEA195-9954-4A22-A47C-2D7FE1CDBD1C}.Debug|x86.Build.0 = Debug|Any CPU
		{6BCEA195-9954-4A22-A47C-2D7FE1CDBD1C}.Release|Any CPU.ActiveCfg = Release|Any CPU
		{6BCEA195-9954-4A22-A47C-2D7FE1CDBD1C}.Release|Any CPU.Build.0 = Release|Any CPU
		{6BCEA195-9954-4A22-A47C-2D7FE1CDBD1C}.Release|x64.ActiveCfg = Release|Any CPU
		{6BCEA195-9954-4A22-A47C-2D7FE1CDBD1C}.Release|x64.Build.0 = Release|Any CPU
		{6BCEA195-9954-4A22-A47C-2D7FE1CDBD1C}.Release|x86.ActiveCfg = Release|Any CPU
		{6BCEA195-9954-4A22-A47C-2D7FE1CDBD1C}.Release|x86.Build.0 = Release|Any CPU
		{6A9F2E53-1770-49BD-94F4-FF089AC27AB1}.Debug|Any CPU.ActiveCfg = Debug|Any CPU
		{6A9F2E53-1770-49BD-94F4-FF089AC27AB1}.Debug|Any CPU.Build.0 = Debug|Any CPU
		{6A9F2E53-1770-49BD-94F4-FF089AC27AB1}.Debug|x64.ActiveCfg = Debug|Any CPU
		{6A9F2E53-1770-49BD-94F4-FF089AC27AB1}.Debug|x64.Build.0 = Debug|Any CPU
		{6A9F2E53-1770-49BD-94F4-FF089AC27AB1}.Debug|x86.ActiveCfg = Debug|Any CPU
		{6A9F2E53-1770-49BD-94F4-FF089AC27AB1}.Debug|x86.Build.0 = Debug|Any CPU
		{6A9F2E53-1770-49BD-94F4-FF089AC27AB1}.Release|Any CPU.ActiveCfg = Release|Any CPU
		{6A9F2E53-1770-49BD-94F4-FF089AC27AB1}.Release|Any CPU.Build.0 = Release|Any CPU
		{6A9F2E53-1770-49BD-94F4-FF089AC27AB1}.Release|x64.ActiveCfg = Release|Any CPU
		{6A9F2E53-1770-49BD-94F4-FF089AC27AB1}.Release|x64.Build.0 = Release|Any CPU
		{6A9F2E53-1770-49BD-94F4-FF089AC27AB1}.Release|x86.ActiveCfg = Release|Any CPU
		{6A9F2E53-1770-49BD-94F4-FF089AC27AB1}.Release|x86.Build.0 = Release|Any CPU
		{FE70ED6B-A8B1-4643-A2BA-A88C9D72FBF5}.Debug|Any CPU.ActiveCfg = Debug|Any CPU
		{FE70ED6B-A8B1-4643-A2BA-A88C9D72FBF5}.Debug|Any CPU.Build.0 = Debug|Any CPU
		{FE70ED6B-A8B1-4643-A2BA-A88C9D72FBF5}.Debug|x64.ActiveCfg = Debug|Any CPU
		{FE70ED6B-A8B1-4643-A2BA-A88C9D72FBF5}.Debug|x64.Build.0 = Debug|Any CPU
		{FE70ED6B-A8B1-4643-A2BA-A88C9D72FBF5}.Debug|x86.ActiveCfg = Debug|Any CPU
		{FE70ED6B-A8B1-4643-A2BA-A88C9D72FBF5}.Debug|x86.Build.0 = Debug|Any CPU
		{FE70ED6B-A8B1-4643-A2BA-A88C9D72FBF5}.Release|Any CPU.ActiveCfg = Release|Any CPU
		{FE70ED6B-A8B1-4643-A2BA-A88C9D72FBF5}.Release|Any CPU.Build.0 = Release|Any CPU
		{FE70ED6B-A8B1-4643-A2BA-A88C9D72FBF5}.Release|x64.ActiveCfg = Release|Any CPU
		{FE70ED6B-A8B1-4643-A2BA-A88C9D72FBF5}.Release|x64.Build.0 = Release|Any CPU
		{FE70ED6B-A8B1-4643-A2BA-A88C9D72FBF5}.Release|x86.ActiveCfg = Release|Any CPU
		{FE70ED6B-A8B1-4643-A2BA-A88C9D72FBF5}.Release|x86.Build.0 = Release|Any CPU
		{44250D25-BFE3-4084-9E17-DDC30993A030}.Debug|Any CPU.ActiveCfg = Debug|Any CPU
		{44250D25-BFE3-4084-9E17-DDC30993A030}.Debug|Any CPU.Build.0 = Debug|Any CPU
		{44250D25-BFE3-4084-9E17-DDC30993A030}.Debug|x64.ActiveCfg = Debug|Any CPU
		{44250D25-BFE3-4084-9E17-DDC30993A030}.Debug|x64.Build.0 = Debug|Any CPU
		{44250D25-BFE3-4084-9E17-DDC30993A030}.Debug|x86.ActiveCfg = Debug|Any CPU
		{44250D25-BFE3-4084-9E17-DDC30993A030}.Debug|x86.Build.0 = Debug|Any CPU
		{44250D25-BFE3-4084-9E17-DDC30993A030}.Release|Any CPU.ActiveCfg = Release|Any CPU
		{44250D25-BFE3-4084-9E17-DDC30993A030}.Release|Any CPU.Build.0 = Release|Any CPU
		{44250D25-BFE3-4084-9E17-DDC30993A030}.Release|x64.ActiveCfg = Release|Any CPU
		{44250D25-BFE3-4084-9E17-DDC30993A030}.Release|x64.Build.0 = Release|Any CPU
		{44250D25-BFE3-4084-9E17-DDC30993A030}.Release|x86.ActiveCfg = Release|Any CPU
		{44250D25-BFE3-4084-9E17-DDC30993A030}.Release|x86.Build.0 = Release|Any CPU
		{55FF38F5-86F7-44ED-BB89-6C30A6BAB2F1}.Debug|Any CPU.ActiveCfg = Debug|Any CPU
		{55FF38F5-86F7-44ED-BB89-6C30A6BAB2F1}.Debug|Any CPU.Build.0 = Debug|Any CPU
		{55FF38F5-86F7-44ED-BB89-6C30A6BAB2F1}.Debug|x64.ActiveCfg = Debug|Any CPU
		{55FF38F5-86F7-44ED-BB89-6C30A6BAB2F1}.Debug|x64.Build.0 = Debug|Any CPU
		{55FF38F5-86F7-44ED-BB89-6C30A6BAB2F1}.Debug|x86.ActiveCfg = Debug|Any CPU
		{55FF38F5-86F7-44ED-BB89-6C30A6BAB2F1}.Debug|x86.Build.0 = Debug|Any CPU
		{55FF38F5-86F7-44ED-BB89-6C30A6BAB2F1}.Release|Any CPU.ActiveCfg = Release|Any CPU
		{55FF38F5-86F7-44ED-BB89-6C30A6BAB2F1}.Release|Any CPU.Build.0 = Release|Any CPU
		{55FF38F5-86F7-44ED-BB89-6C30A6BAB2F1}.Release|x64.ActiveCfg = Release|Any CPU
		{55FF38F5-86F7-44ED-BB89-6C30A6BAB2F1}.Release|x64.Build.0 = Release|Any CPU
		{55FF38F5-86F7-44ED-BB89-6C30A6BAB2F1}.Release|x86.ActiveCfg = Release|Any CPU
		{55FF38F5-86F7-44ED-BB89-6C30A6BAB2F1}.Release|x86.Build.0 = Release|Any CPU
		{DF23710D-B8A3-45CA-9945-94EB995DD1FB}.Debug|Any CPU.ActiveCfg = Debug|Any CPU
		{DF23710D-B8A3-45CA-9945-94EB995DD1FB}.Debug|Any CPU.Build.0 = Debug|Any CPU
		{DF23710D-B8A3-45CA-9945-94EB995DD1FB}.Debug|x64.ActiveCfg = Debug|Any CPU
		{DF23710D-B8A3-45CA-9945-94EB995DD1FB}.Debug|x64.Build.0 = Debug|Any CPU
		{DF23710D-B8A3-45CA-9945-94EB995DD1FB}.Debug|x86.ActiveCfg = Debug|Any CPU
		{DF23710D-B8A3-45CA-9945-94EB995DD1FB}.Debug|x86.Build.0 = Debug|Any CPU
		{DF23710D-B8A3-45CA-9945-94EB995DD1FB}.Release|Any CPU.ActiveCfg = Release|Any CPU
		{DF23710D-B8A3-45CA-9945-94EB995DD1FB}.Release|Any CPU.Build.0 = Release|Any CPU
		{DF23710D-B8A3-45CA-9945-94EB995DD1FB}.Release|x64.ActiveCfg = Release|Any CPU
		{DF23710D-B8A3-45CA-9945-94EB995DD1FB}.Release|x64.Build.0 = Release|Any CPU
		{DF23710D-B8A3-45CA-9945-94EB995DD1FB}.Release|x86.ActiveCfg = Release|Any CPU
		{DF23710D-B8A3-45CA-9945-94EB995DD1FB}.Release|x86.Build.0 = Release|Any CPU
		{F52AC51E-5F0D-4610-BF81-5F0FCE03EB82}.Debug|Any CPU.ActiveCfg = Debug|Any CPU
		{F52AC51E-5F0D-4610-BF81-5F0FCE03EB82}.Debug|Any CPU.Build.0 = Debug|Any CPU
		{F52AC51E-5F0D-4610-BF81-5F0FCE03EB82}.Debug|x64.ActiveCfg = Debug|Any CPU
		{F52AC51E-5F0D-4610-BF81-5F0FCE03EB82}.Debug|x64.Build.0 = Debug|Any CPU
		{F52AC51E-5F0D-4610-BF81-5F0FCE03EB82}.Debug|x86.ActiveCfg = Debug|Any CPU
		{F52AC51E-5F0D-4610-BF81-5F0FCE03EB82}.Debug|x86.Build.0 = Debug|Any CPU
		{F52AC51E-5F0D-4610-BF81-5F0FCE03EB82}.Release|Any CPU.ActiveCfg = Release|Any CPU
		{F52AC51E-5F0D-4610-BF81-5F0FCE03EB82}.Release|Any CPU.Build.0 = Release|Any CPU
		{F52AC51E-5F0D-4610-BF81-5F0FCE03EB82}.Release|x64.ActiveCfg = Release|Any CPU
		{F52AC51E-5F0D-4610-BF81-5F0FCE03EB82}.Release|x64.Build.0 = Release|Any CPU
		{F52AC51E-5F0D-4610-BF81-5F0FCE03EB82}.Release|x86.ActiveCfg = Release|Any CPU
		{F52AC51E-5F0D-4610-BF81-5F0FCE03EB82}.Release|x86.Build.0 = Release|Any CPU
		{CE4BDDFD-35C7-4009-BDE8-FA4A44320677}.Debug|Any CPU.ActiveCfg = Debug|Any CPU
		{CE4BDDFD-35C7-4009-BDE8-FA4A44320677}.Debug|Any CPU.Build.0 = Debug|Any CPU
		{CE4BDDFD-35C7-4009-BDE8-FA4A44320677}.Debug|x64.ActiveCfg = Debug|Any CPU
		{CE4BDDFD-35C7-4009-BDE8-FA4A44320677}.Debug|x64.Build.0 = Debug|Any CPU
		{CE4BDDFD-35C7-4009-BDE8-FA4A44320677}.Debug|x86.ActiveCfg = Debug|Any CPU
		{CE4BDDFD-35C7-4009-BDE8-FA4A44320677}.Debug|x86.Build.0 = Debug|Any CPU
		{CE4BDDFD-35C7-4009-BDE8-FA4A44320677}.Release|Any CPU.ActiveCfg = Release|Any CPU
		{CE4BDDFD-35C7-4009-BDE8-FA4A44320677}.Release|Any CPU.Build.0 = Release|Any CPU
		{CE4BDDFD-35C7-4009-BDE8-FA4A44320677}.Release|x64.ActiveCfg = Release|Any CPU
		{CE4BDDFD-35C7-4009-BDE8-FA4A44320677}.Release|x64.Build.0 = Release|Any CPU
		{CE4BDDFD-35C7-4009-BDE8-FA4A44320677}.Release|x86.ActiveCfg = Release|Any CPU
		{CE4BDDFD-35C7-4009-BDE8-FA4A44320677}.Release|x86.Build.0 = Release|Any CPU
		{8C37DAF2-2262-40DD-837C-7AB1008F1312}.Debug|Any CPU.ActiveCfg = Debug|Any CPU
		{8C37DAF2-2262-40DD-837C-7AB1008F1312}.Debug|Any CPU.Build.0 = Debug|Any CPU
		{8C37DAF2-2262-40DD-837C-7AB1008F1312}.Debug|x64.ActiveCfg = Debug|Any CPU
		{8C37DAF2-2262-40DD-837C-7AB1008F1312}.Debug|x64.Build.0 = Debug|Any CPU
		{8C37DAF2-2262-40DD-837C-7AB1008F1312}.Debug|x86.ActiveCfg = Debug|Any CPU
		{8C37DAF2-2262-40DD-837C-7AB1008F1312}.Debug|x86.Build.0 = Debug|Any CPU
		{8C37DAF2-2262-40DD-837C-7AB1008F1312}.Release|Any CPU.ActiveCfg = Release|Any CPU
		{8C37DAF2-2262-40DD-837C-7AB1008F1312}.Release|Any CPU.Build.0 = Release|Any CPU
		{8C37DAF2-2262-40DD-837C-7AB1008F1312}.Release|x64.ActiveCfg = Release|Any CPU
		{8C37DAF2-2262-40DD-837C-7AB1008F1312}.Release|x64.Build.0 = Release|Any CPU
		{8C37DAF2-2262-40DD-837C-7AB1008F1312}.Release|x86.ActiveCfg = Release|Any CPU
		{8C37DAF2-2262-40DD-837C-7AB1008F1312}.Release|x86.Build.0 = Release|Any CPU
		{13B853DE-0E66-4311-8F13-22C643B63E78}.Debug|Any CPU.ActiveCfg = Debug|Any CPU
		{13B853DE-0E66-4311-8F13-22C643B63E78}.Debug|Any CPU.Build.0 = Debug|Any CPU
		{13B853DE-0E66-4311-8F13-22C643B63E78}.Debug|x64.ActiveCfg = Debug|Any CPU
		{13B853DE-0E66-4311-8F13-22C643B63E78}.Debug|x64.Build.0 = Debug|Any CPU
		{13B853DE-0E66-4311-8F13-22C643B63E78}.Debug|x86.ActiveCfg = Debug|Any CPU
		{13B853DE-0E66-4311-8F13-22C643B63E78}.Debug|x86.Build.0 = Debug|Any CPU
		{13B853DE-0E66-4311-8F13-22C643B63E78}.Release|Any CPU.ActiveCfg = Release|Any CPU
		{13B853DE-0E66-4311-8F13-22C643B63E78}.Release|Any CPU.Build.0 = Release|Any CPU
		{13B853DE-0E66-4311-8F13-22C643B63E78}.Release|x64.ActiveCfg = Release|Any CPU
		{13B853DE-0E66-4311-8F13-22C643B63E78}.Release|x64.Build.0 = Release|Any CPU
		{13B853DE-0E66-4311-8F13-22C643B63E78}.Release|x86.ActiveCfg = Release|Any CPU
		{13B853DE-0E66-4311-8F13-22C643B63E78}.Release|x86.Build.0 = Release|Any CPU
		{FB12AD81-F349-4635-AD96-898D233F6DB2}.Debug|Any CPU.ActiveCfg = Debug|Any CPU
		{FB12AD81-F349-4635-AD96-898D233F6DB2}.Debug|Any CPU.Build.0 = Debug|Any CPU
		{FB12AD81-F349-4635-AD96-898D233F6DB2}.Debug|x64.ActiveCfg = Debug|Any CPU
		{FB12AD81-F349-4635-AD96-898D233F6DB2}.Debug|x64.Build.0 = Debug|Any CPU
		{FB12AD81-F349-4635-AD96-898D233F6DB2}.Debug|x86.ActiveCfg = Debug|Any CPU
		{FB12AD81-F349-4635-AD96-898D233F6DB2}.Debug|x86.Build.0 = Debug|Any CPU
		{FB12AD81-F349-4635-AD96-898D233F6DB2}.Release|Any CPU.ActiveCfg = Release|Any CPU
		{FB12AD81-F349-4635-AD96-898D233F6DB2}.Release|Any CPU.Build.0 = Release|Any CPU
		{FB12AD81-F349-4635-AD96-898D233F6DB2}.Release|x64.ActiveCfg = Release|Any CPU
		{FB12AD81-F349-4635-AD96-898D233F6DB2}.Release|x64.Build.0 = Release|Any CPU
		{FB12AD81-F349-4635-AD96-898D233F6DB2}.Release|x86.ActiveCfg = Release|Any CPU
		{FB12AD81-F349-4635-AD96-898D233F6DB2}.Release|x86.Build.0 = Release|Any CPU
		{CC1A6159-4FC4-4058-AA06-87EAC64E5B41}.Debug|Any CPU.ActiveCfg = Debug|Any CPU
		{CC1A6159-4FC4-4058-AA06-87EAC64E5B41}.Debug|Any CPU.Build.0 = Debug|Any CPU
		{CC1A6159-4FC4-4058-AA06-87EAC64E5B41}.Debug|x64.ActiveCfg = Debug|Any CPU
		{CC1A6159-4FC4-4058-AA06-87EAC64E5B41}.Debug|x64.Build.0 = Debug|Any CPU
		{CC1A6159-4FC4-4058-AA06-87EAC64E5B41}.Debug|x86.ActiveCfg = Debug|Any CPU
		{CC1A6159-4FC4-4058-AA06-87EAC64E5B41}.Debug|x86.Build.0 = Debug|Any CPU
		{CC1A6159-4FC4-4058-AA06-87EAC64E5B41}.Release|Any CPU.ActiveCfg = Release|Any CPU
		{CC1A6159-4FC4-4058-AA06-87EAC64E5B41}.Release|Any CPU.Build.0 = Release|Any CPU
		{CC1A6159-4FC4-4058-AA06-87EAC64E5B41}.Release|x64.ActiveCfg = Release|Any CPU
		{CC1A6159-4FC4-4058-AA06-87EAC64E5B41}.Release|x64.Build.0 = Release|Any CPU
		{CC1A6159-4FC4-4058-AA06-87EAC64E5B41}.Release|x86.ActiveCfg = Release|Any CPU
		{CC1A6159-4FC4-4058-AA06-87EAC64E5B41}.Release|x86.Build.0 = Release|Any CPU
		{05338572-03F4-4CF7-BBF2-0B0DC8C7CF29}.Debug|Any CPU.ActiveCfg = Debug|Any CPU
		{05338572-03F4-4CF7-BBF2-0B0DC8C7CF29}.Debug|Any CPU.Build.0 = Debug|Any CPU
		{05338572-03F4-4CF7-BBF2-0B0DC8C7CF29}.Debug|x64.ActiveCfg = Debug|Any CPU
		{05338572-03F4-4CF7-BBF2-0B0DC8C7CF29}.Debug|x64.Build.0 = Debug|Any CPU
		{05338572-03F4-4CF7-BBF2-0B0DC8C7CF29}.Debug|x86.ActiveCfg = Debug|Any CPU
		{05338572-03F4-4CF7-BBF2-0B0DC8C7CF29}.Debug|x86.Build.0 = Debug|Any CPU
		{05338572-03F4-4CF7-BBF2-0B0DC8C7CF29}.Release|Any CPU.ActiveCfg = Release|Any CPU
		{05338572-03F4-4CF7-BBF2-0B0DC8C7CF29}.Release|Any CPU.Build.0 = Release|Any CPU
		{05338572-03F4-4CF7-BBF2-0B0DC8C7CF29}.Release|x64.ActiveCfg = Release|Any CPU
		{05338572-03F4-4CF7-BBF2-0B0DC8C7CF29}.Release|x64.Build.0 = Release|Any CPU
		{05338572-03F4-4CF7-BBF2-0B0DC8C7CF29}.Release|x86.ActiveCfg = Release|Any CPU
		{05338572-03F4-4CF7-BBF2-0B0DC8C7CF29}.Release|x86.Build.0 = Release|Any CPU
		{E41BC718-5589-466D-9555-431B982B0C39}.Debug|Any CPU.ActiveCfg = Debug|Any CPU
		{E41BC718-5589-466D-9555-431B982B0C39}.Debug|Any CPU.Build.0 = Debug|Any CPU
		{E41BC718-5589-466D-9555-431B982B0C39}.Debug|x64.ActiveCfg = Debug|Any CPU
		{E41BC718-5589-466D-9555-431B982B0C39}.Debug|x64.Build.0 = Debug|Any CPU
		{E41BC718-5589-466D-9555-431B982B0C39}.Debug|x86.ActiveCfg = Debug|Any CPU
		{E41BC718-5589-466D-9555-431B982B0C39}.Debug|x86.Build.0 = Debug|Any CPU
		{E41BC718-5589-466D-9555-431B982B0C39}.Release|Any CPU.ActiveCfg = Release|Any CPU
		{E41BC718-5589-466D-9555-431B982B0C39}.Release|Any CPU.Build.0 = Release|Any CPU
		{E41BC718-5589-466D-9555-431B982B0C39}.Release|x64.ActiveCfg = Release|Any CPU
		{E41BC718-5589-466D-9555-431B982B0C39}.Release|x64.Build.0 = Release|Any CPU
		{E41BC718-5589-466D-9555-431B982B0C39}.Release|x86.ActiveCfg = Release|Any CPU
		{E41BC718-5589-466D-9555-431B982B0C39}.Release|x86.Build.0 = Release|Any CPU
		{82EDD784-F281-461E-89BF-A271796DA6B6}.Debug|Any CPU.ActiveCfg = Debug|Any CPU
		{82EDD784-F281-461E-89BF-A271796DA6B6}.Debug|Any CPU.Build.0 = Debug|Any CPU
		{82EDD784-F281-461E-89BF-A271796DA6B6}.Debug|x64.ActiveCfg = Debug|Any CPU
		{82EDD784-F281-461E-89BF-A271796DA6B6}.Debug|x64.Build.0 = Debug|Any CPU
		{82EDD784-F281-461E-89BF-A271796DA6B6}.Debug|x86.ActiveCfg = Debug|Any CPU
		{82EDD784-F281-461E-89BF-A271796DA6B6}.Debug|x86.Build.0 = Debug|Any CPU
		{82EDD784-F281-461E-89BF-A271796DA6B6}.Release|Any CPU.ActiveCfg = Release|Any CPU
		{82EDD784-F281-461E-89BF-A271796DA6B6}.Release|Any CPU.Build.0 = Release|Any CPU
		{82EDD784-F281-461E-89BF-A271796DA6B6}.Release|x64.ActiveCfg = Release|Any CPU
		{82EDD784-F281-461E-89BF-A271796DA6B6}.Release|x64.Build.0 = Release|Any CPU
		{82EDD784-F281-461E-89BF-A271796DA6B6}.Release|x86.ActiveCfg = Release|Any CPU
		{82EDD784-F281-461E-89BF-A271796DA6B6}.Release|x86.Build.0 = Release|Any CPU
		{69F27AB5-D19F-4D5E-8646-B2E1E1AD1D51}.Debug|Any CPU.ActiveCfg = Debug|Any CPU
		{69F27AB5-D19F-4D5E-8646-B2E1E1AD1D51}.Debug|Any CPU.Build.0 = Debug|Any CPU
		{69F27AB5-D19F-4D5E-8646-B2E1E1AD1D51}.Debug|x64.ActiveCfg = Debug|Any CPU
		{69F27AB5-D19F-4D5E-8646-B2E1E1AD1D51}.Debug|x64.Build.0 = Debug|Any CPU
		{69F27AB5-D19F-4D5E-8646-B2E1E1AD1D51}.Debug|x86.ActiveCfg = Debug|Any CPU
		{69F27AB5-D19F-4D5E-8646-B2E1E1AD1D51}.Debug|x86.Build.0 = Debug|Any CPU
		{69F27AB5-D19F-4D5E-8646-B2E1E1AD1D51}.Release|Any CPU.ActiveCfg = Release|Any CPU
		{69F27AB5-D19F-4D5E-8646-B2E1E1AD1D51}.Release|Any CPU.Build.0 = Release|Any CPU
		{69F27AB5-D19F-4D5E-8646-B2E1E1AD1D51}.Release|x64.ActiveCfg = Release|Any CPU
		{69F27AB5-D19F-4D5E-8646-B2E1E1AD1D51}.Release|x64.Build.0 = Release|Any CPU
		{69F27AB5-D19F-4D5E-8646-B2E1E1AD1D51}.Release|x86.ActiveCfg = Release|Any CPU
		{69F27AB5-D19F-4D5E-8646-B2E1E1AD1D51}.Release|x86.Build.0 = Release|Any CPU
		{441824B4-184E-4B1F-9DD4-394C55CC0085}.Debug|Any CPU.ActiveCfg = Debug|Any CPU
		{441824B4-184E-4B1F-9DD4-394C55CC0085}.Debug|Any CPU.Build.0 = Debug|Any CPU
		{441824B4-184E-4B1F-9DD4-394C55CC0085}.Debug|x64.ActiveCfg = Debug|Any CPU
		{441824B4-184E-4B1F-9DD4-394C55CC0085}.Debug|x64.Build.0 = Debug|Any CPU
		{441824B4-184E-4B1F-9DD4-394C55CC0085}.Debug|x86.ActiveCfg = Debug|Any CPU
		{441824B4-184E-4B1F-9DD4-394C55CC0085}.Debug|x86.Build.0 = Debug|Any CPU
		{441824B4-184E-4B1F-9DD4-394C55CC0085}.Release|Any CPU.ActiveCfg = Release|Any CPU
		{441824B4-184E-4B1F-9DD4-394C55CC0085}.Release|Any CPU.Build.0 = Release|Any CPU
		{441824B4-184E-4B1F-9DD4-394C55CC0085}.Release|x64.ActiveCfg = Release|Any CPU
		{441824B4-184E-4B1F-9DD4-394C55CC0085}.Release|x64.Build.0 = Release|Any CPU
		{441824B4-184E-4B1F-9DD4-394C55CC0085}.Release|x86.ActiveCfg = Release|Any CPU
		{441824B4-184E-4B1F-9DD4-394C55CC0085}.Release|x86.Build.0 = Release|Any CPU
		{EEF16F51-2AC5-48B6-AF24-9A782B6A40F8}.Debug|Any CPU.ActiveCfg = Debug|Any CPU
		{EEF16F51-2AC5-48B6-AF24-9A782B6A40F8}.Debug|Any CPU.Build.0 = Debug|Any CPU
		{EEF16F51-2AC5-48B6-AF24-9A782B6A40F8}.Debug|x64.ActiveCfg = Debug|Any CPU
		{EEF16F51-2AC5-48B6-AF24-9A782B6A40F8}.Debug|x64.Build.0 = Debug|Any CPU
		{EEF16F51-2AC5-48B6-AF24-9A782B6A40F8}.Debug|x86.ActiveCfg = Debug|Any CPU
		{EEF16F51-2AC5-48B6-AF24-9A782B6A40F8}.Debug|x86.Build.0 = Debug|Any CPU
		{EEF16F51-2AC5-48B6-AF24-9A782B6A40F8}.Release|Any CPU.ActiveCfg = Release|Any CPU
		{EEF16F51-2AC5-48B6-AF24-9A782B6A40F8}.Release|Any CPU.Build.0 = Release|Any CPU
		{EEF16F51-2AC5-48B6-AF24-9A782B6A40F8}.Release|x64.ActiveCfg = Release|Any CPU
		{EEF16F51-2AC5-48B6-AF24-9A782B6A40F8}.Release|x64.Build.0 = Release|Any CPU
		{EEF16F51-2AC5-48B6-AF24-9A782B6A40F8}.Release|x86.ActiveCfg = Release|Any CPU
		{EEF16F51-2AC5-48B6-AF24-9A782B6A40F8}.Release|x86.Build.0 = Release|Any CPU
		{8095482F-2926-4BF8-A160-633E291BF2BC}.Debug|Any CPU.ActiveCfg = Debug|Any CPU
		{8095482F-2926-4BF8-A160-633E291BF2BC}.Debug|Any CPU.Build.0 = Debug|Any CPU
		{8095482F-2926-4BF8-A160-633E291BF2BC}.Debug|x64.ActiveCfg = Debug|Any CPU
		{8095482F-2926-4BF8-A160-633E291BF2BC}.Debug|x64.Build.0 = Debug|Any CPU
		{8095482F-2926-4BF8-A160-633E291BF2BC}.Debug|x86.ActiveCfg = Debug|Any CPU
		{8095482F-2926-4BF8-A160-633E291BF2BC}.Debug|x86.Build.0 = Debug|Any CPU
		{8095482F-2926-4BF8-A160-633E291BF2BC}.Release|Any CPU.ActiveCfg = Release|Any CPU
		{8095482F-2926-4BF8-A160-633E291BF2BC}.Release|Any CPU.Build.0 = Release|Any CPU
		{8095482F-2926-4BF8-A160-633E291BF2BC}.Release|x64.ActiveCfg = Release|Any CPU
		{8095482F-2926-4BF8-A160-633E291BF2BC}.Release|x64.Build.0 = Release|Any CPU
		{8095482F-2926-4BF8-A160-633E291BF2BC}.Release|x86.ActiveCfg = Release|Any CPU
		{8095482F-2926-4BF8-A160-633E291BF2BC}.Release|x86.Build.0 = Release|Any CPU
		{47DD29E8-7BE7-4ADF-873D-EA2335D9294F}.Debug|Any CPU.ActiveCfg = Debug|Any CPU
		{47DD29E8-7BE7-4ADF-873D-EA2335D9294F}.Debug|Any CPU.Build.0 = Debug|Any CPU
		{47DD29E8-7BE7-4ADF-873D-EA2335D9294F}.Debug|x64.ActiveCfg = Debug|Any CPU
		{47DD29E8-7BE7-4ADF-873D-EA2335D9294F}.Debug|x64.Build.0 = Debug|Any CPU
		{47DD29E8-7BE7-4ADF-873D-EA2335D9294F}.Debug|x86.ActiveCfg = Debug|Any CPU
		{47DD29E8-7BE7-4ADF-873D-EA2335D9294F}.Debug|x86.Build.0 = Debug|Any CPU
		{47DD29E8-7BE7-4ADF-873D-EA2335D9294F}.Release|Any CPU.ActiveCfg = Release|Any CPU
		{47DD29E8-7BE7-4ADF-873D-EA2335D9294F}.Release|Any CPU.Build.0 = Release|Any CPU
		{47DD29E8-7BE7-4ADF-873D-EA2335D9294F}.Release|x64.ActiveCfg = Release|Any CPU
		{47DD29E8-7BE7-4ADF-873D-EA2335D9294F}.Release|x64.Build.0 = Release|Any CPU
		{47DD29E8-7BE7-4ADF-873D-EA2335D9294F}.Release|x86.ActiveCfg = Release|Any CPU
		{47DD29E8-7BE7-4ADF-873D-EA2335D9294F}.Release|x86.Build.0 = Release|Any CPU
		{119A42AF-FC43-4108-9EB7-CAFDE70D57EA}.Debug|Any CPU.ActiveCfg = Debug|Any CPU
		{119A42AF-FC43-4108-9EB7-CAFDE70D57EA}.Debug|Any CPU.Build.0 = Debug|Any CPU
		{119A42AF-FC43-4108-9EB7-CAFDE70D57EA}.Debug|x64.ActiveCfg = Debug|Any CPU
		{119A42AF-FC43-4108-9EB7-CAFDE70D57EA}.Debug|x64.Build.0 = Debug|Any CPU
		{119A42AF-FC43-4108-9EB7-CAFDE70D57EA}.Debug|x86.ActiveCfg = Debug|Any CPU
		{119A42AF-FC43-4108-9EB7-CAFDE70D57EA}.Debug|x86.Build.0 = Debug|Any CPU
		{119A42AF-FC43-4108-9EB7-CAFDE70D57EA}.Release|Any CPU.ActiveCfg = Release|Any CPU
		{119A42AF-FC43-4108-9EB7-CAFDE70D57EA}.Release|Any CPU.Build.0 = Release|Any CPU
		{119A42AF-FC43-4108-9EB7-CAFDE70D57EA}.Release|x64.ActiveCfg = Release|Any CPU
		{119A42AF-FC43-4108-9EB7-CAFDE70D57EA}.Release|x64.Build.0 = Release|Any CPU
		{119A42AF-FC43-4108-9EB7-CAFDE70D57EA}.Release|x86.ActiveCfg = Release|Any CPU
		{119A42AF-FC43-4108-9EB7-CAFDE70D57EA}.Release|x86.Build.0 = Release|Any CPU
		{D5EFF54E-8FEC-4C51-9582-D0F02CFB74E1}.Debug|Any CPU.ActiveCfg = Debug|Any CPU
		{D5EFF54E-8FEC-4C51-9582-D0F02CFB74E1}.Debug|Any CPU.Build.0 = Debug|Any CPU
		{D5EFF54E-8FEC-4C51-9582-D0F02CFB74E1}.Debug|x64.ActiveCfg = Debug|Any CPU
		{D5EFF54E-8FEC-4C51-9582-D0F02CFB74E1}.Debug|x64.Build.0 = Debug|Any CPU
		{D5EFF54E-8FEC-4C51-9582-D0F02CFB74E1}.Debug|x86.ActiveCfg = Debug|Any CPU
		{D5EFF54E-8FEC-4C51-9582-D0F02CFB74E1}.Debug|x86.Build.0 = Debug|Any CPU
		{D5EFF54E-8FEC-4C51-9582-D0F02CFB74E1}.Release|Any CPU.ActiveCfg = Release|Any CPU
		{D5EFF54E-8FEC-4C51-9582-D0F02CFB74E1}.Release|Any CPU.Build.0 = Release|Any CPU
		{D5EFF54E-8FEC-4C51-9582-D0F02CFB74E1}.Release|x64.ActiveCfg = Release|Any CPU
		{D5EFF54E-8FEC-4C51-9582-D0F02CFB74E1}.Release|x64.Build.0 = Release|Any CPU
		{D5EFF54E-8FEC-4C51-9582-D0F02CFB74E1}.Release|x86.ActiveCfg = Release|Any CPU
		{D5EFF54E-8FEC-4C51-9582-D0F02CFB74E1}.Release|x86.Build.0 = Release|Any CPU
		{738A5EAE-1425-4A0F-B0A8-B9031D11161A}.Debug|Any CPU.ActiveCfg = Debug|Any CPU
		{738A5EAE-1425-4A0F-B0A8-B9031D11161A}.Debug|Any CPU.Build.0 = Debug|Any CPU
		{738A5EAE-1425-4A0F-B0A8-B9031D11161A}.Debug|x64.ActiveCfg = Debug|Any CPU
		{738A5EAE-1425-4A0F-B0A8-B9031D11161A}.Debug|x64.Build.0 = Debug|Any CPU
		{738A5EAE-1425-4A0F-B0A8-B9031D11161A}.Debug|x86.ActiveCfg = Debug|Any CPU
		{738A5EAE-1425-4A0F-B0A8-B9031D11161A}.Debug|x86.Build.0 = Debug|Any CPU
		{738A5EAE-1425-4A0F-B0A8-B9031D11161A}.Release|Any CPU.ActiveCfg = Release|Any CPU
		{738A5EAE-1425-4A0F-B0A8-B9031D11161A}.Release|Any CPU.Build.0 = Release|Any CPU
		{738A5EAE-1425-4A0F-B0A8-B9031D11161A}.Release|x64.ActiveCfg = Release|Any CPU
		{738A5EAE-1425-4A0F-B0A8-B9031D11161A}.Release|x64.Build.0 = Release|Any CPU
		{738A5EAE-1425-4A0F-B0A8-B9031D11161A}.Release|x86.ActiveCfg = Release|Any CPU
		{738A5EAE-1425-4A0F-B0A8-B9031D11161A}.Release|x86.Build.0 = Release|Any CPU
	EndGlobalSection
	GlobalSection(SolutionProperties) = preSolution
		HideSolutionNode = FALSE
	EndGlobalSection
	GlobalSection(NestedProjects) = preSolution
		{984BB9B3-3FA3-BE33-9484-CAC21695A33C} = {827E0CD3-B72D-47B6-A68D-7590B98EB39B}
		{FA3FA135-E556-ABE6-1C98-16301F32AE9B} = {984BB9B3-3FA3-BE33-9484-CAC21695A33C}
		{63D807FC-FBCF-4B7A-B5E8-BE2EB10BDAFF} = {FA3FA135-E556-ABE6-1C98-16301F32AE9B}
		{37AC2141-9A17-4756-9CF6-38F3F1C0FF40} = {FA3FA135-E556-ABE6-1C98-16301F32AE9B}
		{744EEFDB-D391-4764-8499-D322540C3FC5} = {FA3FA135-E556-ABE6-1C98-16301F32AE9B}
		{7BC462F2-A454-49C2-92C7-97E14D9C30C0} = {FA3FA135-E556-ABE6-1C98-16301F32AE9B}
		{6792783D-ADFB-1DC9-8301-92642CD8F804} = {984BB9B3-3FA3-BE33-9484-CAC21695A33C}
		{10443223-9075-415B-A596-4F8A0FAF5FF7} = {6792783D-ADFB-1DC9-8301-92642CD8F804}
		{F885FB46-8809-4AA5-A793-77B1FF988309} = {6792783D-ADFB-1DC9-8301-92642CD8F804}
		{43306FE8-F13C-45CE-8014-C992555279F6} = {6792783D-ADFB-1DC9-8301-92642CD8F804}
		{6BCEA195-9954-4A22-A47C-2D7FE1CDBD1C} = {6792783D-ADFB-1DC9-8301-92642CD8F804}
		{1BFC9479-12BF-35C3-06B8-42D89D95092B} = {984BB9B3-3FA3-BE33-9484-CAC21695A33C}
		{6A9F2E53-1770-49BD-94F4-FF089AC27AB1} = {1BFC9479-12BF-35C3-06B8-42D89D95092B}
		{FE70ED6B-A8B1-4643-A2BA-A88C9D72FBF5} = {1BFC9479-12BF-35C3-06B8-42D89D95092B}
		{44250D25-BFE3-4084-9E17-DDC30993A030} = {1BFC9479-12BF-35C3-06B8-42D89D95092B}
		{55FF38F5-86F7-44ED-BB89-6C30A6BAB2F1} = {1BFC9479-12BF-35C3-06B8-42D89D95092B}
		{C0F25937-FF25-CB73-CC38-630AA141980E} = {984BB9B3-3FA3-BE33-9484-CAC21695A33C}
		{DF23710D-B8A3-45CA-9945-94EB995DD1FB} = {C0F25937-FF25-CB73-CC38-630AA141980E}
		{F52AC51E-5F0D-4610-BF81-5F0FCE03EB82} = {C0F25937-FF25-CB73-CC38-630AA141980E}
		{CE4BDDFD-35C7-4009-BDE8-FA4A44320677} = {C0F25937-FF25-CB73-CC38-630AA141980E}
		{8C37DAF2-2262-40DD-837C-7AB1008F1312} = {C0F25937-FF25-CB73-CC38-630AA141980E}
		{90298CBA-BD6F-3A0A-69D5-97CAD7B05E7E} = {827E0CD3-B72D-47B6-A68D-7590B98EB39B}
		{13B853DE-0E66-4311-8F13-22C643B63E78} = {90298CBA-BD6F-3A0A-69D5-97CAD7B05E7E}
		{FB12AD81-F349-4635-AD96-898D233F6DB2} = {90298CBA-BD6F-3A0A-69D5-97CAD7B05E7E}
		{CC1A6159-4FC4-4058-AA06-87EAC64E5B41} = {90298CBA-BD6F-3A0A-69D5-97CAD7B05E7E}
		{05338572-03F4-4CF7-BBF2-0B0DC8C7CF29} = {90298CBA-BD6F-3A0A-69D5-97CAD7B05E7E}
		{FCA01246-F2C6-0AA7-D43F-FD13BE0B9D88} = {827E0CD3-B72D-47B6-A68D-7590B98EB39B}
		{E41BC718-5589-466D-9555-431B982B0C39} = {FCA01246-F2C6-0AA7-D43F-FD13BE0B9D88}
		{394A81D9-3C45-9818-BB26-23F2B85056FF} = {0AB3BF05-4346-4AA6-1389-037BE0695223}
		{82EDD784-F281-461E-89BF-A271796DA6B6} = {394A81D9-3C45-9818-BB26-23F2B85056FF}
		{69F27AB5-D19F-4D5E-8646-B2E1E1AD1D51} = {394A81D9-3C45-9818-BB26-23F2B85056FF}
		{441824B4-184E-4B1F-9DD4-394C55CC0085} = {394A81D9-3C45-9818-BB26-23F2B85056FF}
		{EEF16F51-2AC5-48B6-AF24-9A782B6A40F8} = {394A81D9-3C45-9818-BB26-23F2B85056FF}
		{30785934-E017-5D9F-2777-3D61460A5281} = {0AB3BF05-4346-4AA6-1389-037BE0695223}
		{8095482F-2926-4BF8-A160-633E291BF2BC} = {30785934-E017-5D9F-2777-3D61460A5281}
		{47DD29E8-7BE7-4ADF-873D-EA2335D9294F} = {30785934-E017-5D9F-2777-3D61460A5281}
		{119A42AF-FC43-4108-9EB7-CAFDE70D57EA} = {30785934-E017-5D9F-2777-3D61460A5281}
		{D5EFF54E-8FEC-4C51-9582-D0F02CFB74E1} = {30785934-E017-5D9F-2777-3D61460A5281}
		{8AD23086-AE11-148E-B2B6-9F0F94287E0D} = {0AB3BF05-4346-4AA6-1389-037BE0695223}
		{738A5EAE-1425-4A0F-B0A8-B9031D11161A} = {8AD23086-AE11-148E-B2B6-9F0F94287E0D}
	EndGlobalSection
	GlobalSection(ExtensibilityGlobals) = postSolution
		SolutionGuid = {EFEBE274-114C-4A77-B9AC-BB71867FEB26}
	EndGlobalSection
EndGlobal
