
Microsoft Visual Studio Solution File, Format Version 12.00
# Visual Studio Version 17
VisualStudioVersion = 17.0.31903.59
MinimumVisualStudioVersion = 10.0.40219.1
Project("{2150E333-8FDC-42A3-9474-1A3956D46DE8}") = "src", "src", "{827E0CD3-B72D-47B6-A68D-7590B98EB39B}"
EndProject
Project("{2150E333-8FDC-42A3-9474-1A3956D46DE8}") = "BuildingBlocks", "BuildingBlocks", "{90298CBA-BD6F-3A0A-69D5-97CAD7B05E7E}"
EndProject
Project("{FAE04EC0-301F-11D3-BF4B-00C04F79EFBC}") = "TaskFlow.BuildingBlocks.Common", "src\BuildingBlocks\TaskFlow.BuildingBlocks.Common\TaskFlow.BuildingBlocks.Common.csproj", "{13B853DE-0E66-4311-8F13-22C643B63E78}"
EndProject
Project("{FAE04EC0-301F-11D3-BF4B-00C04F79EFBC}") = "TaskFlow.BuildingBlocks.Messaging", "src\BuildingBlocks\TaskFlow.BuildingBlocks.Messaging\TaskFlow.BuildingBlocks.Messaging.csproj", "{FB12AD81-F349-4635-AD96-898D233F6DB2}"
EndProject
Project("{FAE04EC0-301F-11D3-BF4B-00C04F79EFBC}") = "TaskFlow.BuildingBlocks.EventBus", "src\BuildingBlocks\TaskFlow.BuildingBlocks.EventBus\TaskFlow.BuildingBlocks.EventBus.csproj", "{CC1A6159-4FC4-4058-AA06-87EAC64E5B41}"
EndProject
Project("{FAE04EC0-301F-11D3-BF4B-00C04F79EFBC}") = "TaskFlow.BuildingBlocks.Caching", "src\BuildingBlocks\TaskFlow.BuildingBlocks.Caching\TaskFlow.BuildingBlocks.Caching.csproj", "{05338572-03F4-4CF7-BBF2-0B0DC8C7CF29}"
EndProject
Project("{2150E333-8FDC-42A3-9474-1A3956D46DE8}") = "ApiGateway", "ApiGateway", "{FCA01246-F2C6-0AA7-D43F-FD13BE0B9D88}"
EndProject
Project("{FAE04EC0-301F-11D3-BF4B-00C04F79EFBC}") = "TaskFlow.Gateway", "src\ApiGateway\TaskFlow.Gateway\TaskFlow.Gateway.csproj", "{E41BC718-5589-466D-9555-431B982B0C39}"
EndProject
Project("{FAE04EC0-301F-11D3-BF4B-00C04F79EFBC}") = "TaskFlow.BuildingBlocks.CQRS", "src\BuildingBlocks\TaskFlow.BuildingBlocks.CQRS\TaskFlow.BuildingBlocks.CQRS.csproj", "{7D5EC2AC-84EF-4D7D-BB39-81679298717C}"
EndProject
Project("{2150E333-8FDC-42A3-9474-1A3956D46DE8}") = "Services", "Services", "{984BB9B3-3FA3-BE33-9484-CAC21695A33C}"
EndProject
Project("{2150E333-8FDC-42A3-9474-1A3956D46DE8}") = "Identity", "Identity", "{1BFC9479-12BF-35C3-06B8-42D89D95092B}"
EndProject
Project("{FAE04EC0-301F-11D3-BF4B-00C04F79EFBC}") = "TaskFlow.Identity.Domain", "src\Services\Identity\TaskFlow.Identity.Domain\TaskFlow.Identity.Domain.csproj", "{887CC894-87A3-4CD5-8604-E58799E05C39}"
EndProject
Project("{FAE04EC0-301F-11D3-BF4B-00C04F79EFBC}") = "TaskFlow.Identity.Application", "src\Services\Identity\TaskFlow.Identity.Application\TaskFlow.Identity.Application.csproj", "{1EA0E575-6026-47B9-8A1D-90BFB9A68AA8}"
EndProject
Project("{FAE04EC0-301F-11D3-BF4B-00C04F79EFBC}") = "TaskFlow.Identity.Infrastructure", "src\Services\Identity\TaskFlow.Identity.Infrastructure\TaskFlow.Identity.Infrastructure.csproj", "{76CEFDC3-4B38-43EF-96F7-6F06BBE8DFBA}"
EndProject
Project("{FAE04EC0-301F-11D3-BF4B-00C04F79EFBC}") = "TaskFlow.Identity.API", "src\Services\Identity\TaskFlow.Identity.API\TaskFlow.Identity.API.csproj", "{7082DF3B-70BD-4B28-95BA-314F9549E3FE}"
EndProject
Global
	GlobalSection(SolutionConfigurationPlatforms) = preSolution
		Debug|Any CPU = Debug|Any CPU
		Debug|x64 = Debug|x64
		Debug|x86 = Debug|x86
		Release|Any CPU = Release|Any CPU
		Release|x64 = Release|x64
		Release|x86 = Release|x86
	EndGlobalSection
	GlobalSection(ProjectConfigurationPlatforms) = postSolution
		{13B853DE-0E66-4311-8F13-22C643B63E78}.Debug|Any CPU.ActiveCfg = Debug|Any CPU
		{13B853DE-0E66-4311-8F13-22C643B63E78}.Debug|Any CPU.Build.0 = Debug|Any CPU
		{13B853DE-0E66-4311-8F13-22C643B63E78}.Debug|x64.ActiveCfg = Debug|Any CPU
		{13B853DE-0E66-4311-8F13-22C643B63E78}.Debug|x64.Build.0 = Debug|Any CPU
		{13B853DE-0E66-4311-8F13-22C643B63E78}.Debug|x86.ActiveCfg = Debug|Any CPU
		{13B853DE-0E66-4311-8F13-22C643B63E78}.Debug|x86.Build.0 = Debug|Any CPU
		{13B853DE-0E66-4311-8F13-22C643B63E78}.Release|Any CPU.ActiveCfg = Release|Any CPU
		{13B853DE-0E66-4311-8F13-22C643B63E78}.Release|Any CPU.Build.0 = Release|Any CPU
		{13B853DE-0E66-4311-8F13-22C643B63E78}.Release|x64.ActiveCfg = Release|Any CPU
		{13B853DE-0E66-4311-8F13-22C643B63E78}.Release|x64.Build.0 = Release|Any CPU
		{13B853DE-0E66-4311-8F13-22C643B63E78}.Release|x86.ActiveCfg = Release|Any CPU
		{13B853DE-0E66-4311-8F13-22C643B63E78}.Release|x86.Build.0 = Release|Any CPU
		{FB12AD81-F349-4635-AD96-898D233F6DB2}.Debug|Any CPU.ActiveCfg = Debug|Any CPU
		{FB12AD81-F349-4635-AD96-898D233F6DB2}.Debug|Any CPU.Build.0 = Debug|Any CPU
		{FB12AD81-F349-4635-AD96-898D233F6DB2}.Debug|x64.ActiveCfg = Debug|Any CPU
		{FB12AD81-F349-4635-AD96-898D233F6DB2}.Debug|x64.Build.0 = Debug|Any CPU
		{FB12AD81-F349-4635-AD96-898D233F6DB2}.Debug|x86.ActiveCfg = Debug|Any CPU
		{FB12AD81-F349-4635-AD96-898D233F6DB2}.Debug|x86.Build.0 = Debug|Any CPU
		{FB12AD81-F349-4635-AD96-898D233F6DB2}.Release|Any CPU.ActiveCfg = Release|Any CPU
		{FB12AD81-F349-4635-AD96-898D233F6DB2}.Release|Any CPU.Build.0 = Release|Any CPU
		{FB12AD81-F349-4635-AD96-898D233F6DB2}.Release|x64.ActiveCfg = Release|Any CPU
		{FB12AD81-F349-4635-AD96-898D233F6DB2}.Release|x64.Build.0 = Release|Any CPU
		{FB12AD81-F349-4635-AD96-898D233F6DB2}.Release|x86.ActiveCfg = Release|Any CPU
		{FB12AD81-F349-4635-AD96-898D233F6DB2}.Release|x86.Build.0 = Release|Any CPU
		{CC1A6159-4FC4-4058-AA06-87EAC64E5B41}.Debug|Any CPU.ActiveCfg = Debug|Any CPU
		{CC1A6159-4FC4-4058-AA06-87EAC64E5B41}.Debug|Any CPU.Build.0 = Debug|Any CPU
		{CC1A6159-4FC4-4058-AA06-87EAC64E5B41}.Debug|x64.ActiveCfg = Debug|Any CPU
		{CC1A6159-4FC4-4058-AA06-87EAC64E5B41}.Debug|x64.Build.0 = Debug|Any CPU
		{CC1A6159-4FC4-4058-AA06-87EAC64E5B41}.Debug|x86.ActiveCfg = Debug|Any CPU
		{CC1A6159-4FC4-4058-AA06-87EAC64E5B41}.Debug|x86.Build.0 = Debug|Any CPU
		{CC1A6159-4FC4-4058-AA06-87EAC64E5B41}.Release|Any CPU.ActiveCfg = Release|Any CPU
		{CC1A6159-4FC4-4058-AA06-87EAC64E5B41}.Release|Any CPU.Build.0 = Release|Any CPU
		{CC1A6159-4FC4-4058-AA06-87EAC64E5B41}.Release|x64.ActiveCfg = Release|Any CPU
		{CC1A6159-4FC4-4058-AA06-87EAC64E5B41}.Release|x64.Build.0 = Release|Any CPU
		{CC1A6159-4FC4-4058-AA06-87EAC64E5B41}.Release|x86.ActiveCfg = Release|Any CPU
		{CC1A6159-4FC4-4058-AA06-87EAC64E5B41}.Release|x86.Build.0 = Release|Any CPU
		{05338572-03F4-4CF7-BBF2-0B0DC8C7CF29}.Debug|Any CPU.ActiveCfg = Debug|Any CPU
		{05338572-03F4-4CF7-BBF2-0B0DC8C7CF29}.Debug|Any CPU.Build.0 = Debug|Any CPU
		{05338572-03F4-4CF7-BBF2-0B0DC8C7CF29}.Debug|x64.ActiveCfg = Debug|Any CPU
		{05338572-03F4-4CF7-BBF2-0B0DC8C7CF29}.Debug|x64.Build.0 = Debug|Any CPU
		{05338572-03F4-4CF7-BBF2-0B0DC8C7CF29}.Debug|x86.ActiveCfg = Debug|Any CPU
		{05338572-03F4-4CF7-BBF2-0B0DC8C7CF29}.Debug|x86.Build.0 = Debug|Any CPU
		{05338572-03F4-4CF7-BBF2-0B0DC8C7CF29}.Release|Any CPU.ActiveCfg = Release|Any CPU
		{05338572-03F4-4CF7-BBF2-0B0DC8C7CF29}.Release|Any CPU.Build.0 = Release|Any CPU
		{05338572-03F4-4CF7-BBF2-0B0DC8C7CF29}.Release|x64.ActiveCfg = Release|Any CPU
		{05338572-03F4-4CF7-BBF2-0B0DC8C7CF29}.Release|x64.Build.0 = Release|Any CPU
		{05338572-03F4-4CF7-BBF2-0B0DC8C7CF29}.Release|x86.ActiveCfg = Release|Any CPU
		{05338572-03F4-4CF7-BBF2-0B0DC8C7CF29}.Release|x86.Build.0 = Release|Any CPU
		{E41BC718-5589-466D-9555-431B982B0C39}.Debug|Any CPU.ActiveCfg = Debug|Any CPU
		{E41BC718-5589-466D-9555-431B982B0C39}.Debug|Any CPU.Build.0 = Debug|Any CPU
		{E41BC718-5589-466D-9555-431B982B0C39}.Debug|x64.ActiveCfg = Debug|Any CPU
		{E41BC718-5589-466D-9555-431B982B0C39}.Debug|x64.Build.0 = Debug|Any CPU
		{E41BC718-5589-466D-9555-431B982B0C39}.Debug|x86.ActiveCfg = Debug|Any CPU
		{E41BC718-5589-466D-9555-431B982B0C39}.Debug|x86.Build.0 = Debug|Any CPU
		{E41BC718-5589-466D-9555-431B982B0C39}.Release|Any CPU.ActiveCfg = Release|Any CPU
		{E41BC718-5589-466D-9555-431B982B0C39}.Release|Any CPU.Build.0 = Release|Any CPU
		{E41BC718-5589-466D-9555-431B982B0C39}.Release|x64.ActiveCfg = Release|Any CPU
		{E41BC718-5589-466D-9555-431B982B0C39}.Release|x64.Build.0 = Release|Any CPU
		{E41BC718-5589-466D-9555-431B982B0C39}.Release|x86.ActiveCfg = Release|Any CPU
		{E41BC718-5589-466D-9555-431B982B0C39}.Release|x86.Build.0 = Release|Any CPU
		{7D5EC2AC-84EF-4D7D-BB39-81679298717C}.Debug|Any CPU.ActiveCfg = Debug|Any CPU
		{7D5EC2AC-84EF-4D7D-BB39-81679298717C}.Debug|Any CPU.Build.0 = Debug|Any CPU
		{7D5EC2AC-84EF-4D7D-BB39-81679298717C}.Debug|x64.ActiveCfg = Debug|Any CPU
		{7D5EC2AC-84EF-4D7D-BB39-81679298717C}.Debug|x64.Build.0 = Debug|Any CPU
		{7D5EC2AC-84EF-4D7D-BB39-81679298717C}.Debug|x86.ActiveCfg = Debug|Any CPU
		{7D5EC2AC-84EF-4D7D-BB39-81679298717C}.Debug|x86.Build.0 = Debug|Any CPU
		{7D5EC2AC-84EF-4D7D-BB39-81679298717C}.Release|Any CPU.ActiveCfg = Release|Any CPU
		{7D5EC2AC-84EF-4D7D-BB39-81679298717C}.Release|Any CPU.Build.0 = Release|Any CPU
		{7D5EC2AC-84EF-4D7D-BB39-81679298717C}.Release|x64.ActiveCfg = Release|Any CPU
		{7D5EC2AC-84EF-4D7D-BB39-81679298717C}.Release|x64.Build.0 = Release|Any CPU
		{7D5EC2AC-84EF-4D7D-BB39-81679298717C}.Release|x86.ActiveCfg = Release|Any CPU
		{7D5EC2AC-84EF-4D7D-BB39-81679298717C}.Release|x86.Build.0 = Release|Any CPU
		{887CC894-87A3-4CD5-8604-E58799E05C39}.Debug|Any CPU.ActiveCfg = Debug|Any CPU
		{887CC894-87A3-4CD5-8604-E58799E05C39}.Debug|Any CPU.Build.0 = Debug|Any CPU
		{887CC894-87A3-4CD5-8604-E58799E05C39}.Debug|x64.ActiveCfg = Debug|Any CPU
		{887CC894-87A3-4CD5-8604-E58799E05C39}.Debug|x64.Build.0 = Debug|Any CPU
		{887CC894-87A3-4CD5-8604-E58799E05C39}.Debug|x86.ActiveCfg = Debug|Any CPU
		{887CC894-87A3-4CD5-8604-E58799E05C39}.Debug|x86.Build.0 = Debug|Any CPU
		{887CC894-87A3-4CD5-8604-E58799E05C39}.Release|Any CPU.ActiveCfg = Release|Any CPU
		{887CC894-87A3-4CD5-8604-E58799E05C39}.Release|Any CPU.Build.0 = Release|Any CPU
		{887CC894-87A3-4CD5-8604-E58799E05C39}.Release|x64.ActiveCfg = Release|Any CPU
		{887CC894-87A3-4CD5-8604-E58799E05C39}.Release|x64.Build.0 = Release|Any CPU
		{887CC894-87A3-4CD5-8604-E58799E05C39}.Release|x86.ActiveCfg = Release|Any CPU
		{887CC894-87A3-4CD5-8604-E58799E05C39}.Release|x86.Build.0 = Release|Any CPU
		{1EA0E575-6026-47B9-8A1D-90BFB9A68AA8}.Debug|Any CPU.ActiveCfg = Debug|Any CPU
		{1EA0E575-6026-47B9-8A1D-90BFB9A68AA8}.Debug|Any CPU.Build.0 = Debug|Any CPU
		{1EA0E575-6026-47B9-8A1D-90BFB9A68AA8}.Debug|x64.ActiveCfg = Debug|Any CPU
		{1EA0E575-6026-47B9-8A1D-90BFB9A68AA8}.Debug|x64.Build.0 = Debug|Any CPU
		{1EA0E575-6026-47B9-8A1D-90BFB9A68AA8}.Debug|x86.ActiveCfg = Debug|Any CPU
		{1EA0E575-6026-47B9-8A1D-90BFB9A68AA8}.Debug|x86.Build.0 = Debug|Any CPU
		{1EA0E575-6026-47B9-8A1D-90BFB9A68AA8}.Release|Any CPU.ActiveCfg = Release|Any CPU
		{1EA0E575-6026-47B9-8A1D-90BFB9A68AA8}.Release|Any CPU.Build.0 = Release|Any CPU
		{1EA0E575-6026-47B9-8A1D-90BFB9A68AA8}.Release|x64.ActiveCfg = Release|Any CPU
		{1EA0E575-6026-47B9-8A1D-90BFB9A68AA8}.Release|x64.Build.0 = Release|Any CPU
		{1EA0E575-6026-47B9-8A1D-90BFB9A68AA8}.Release|x86.ActiveCfg = Release|Any CPU
		{1EA0E575-6026-47B9-8A1D-90BFB9A68AA8}.Release|x86.Build.0 = Release|Any CPU
		{76CEFDC3-4B38-43EF-96F7-6F06BBE8DFBA}.Debug|Any CPU.ActiveCfg = Debug|Any CPU
		{76CEFDC3-4B38-43EF-96F7-6F06BBE8DFBA}.Debug|Any CPU.Build.0 = Debug|Any CPU
		{76CEFDC3-4B38-43EF-96F7-6F06BBE8DFBA}.Debug|x64.ActiveCfg = Debug|Any CPU
		{76CEFDC3-4B38-43EF-96F7-6F06BBE8DFBA}.Debug|x64.Build.0 = Debug|Any CPU
		{76CEFDC3-4B38-43EF-96F7-6F06BBE8DFBA}.Debug|x86.ActiveCfg = Debug|Any CPU
		{76CEFDC3-4B38-43EF-96F7-6F06BBE8DFBA}.Debug|x86.Build.0 = Debug|Any CPU
		{76CEFDC3-4B38-43EF-96F7-6F06BBE8DFBA}.Release|Any CPU.ActiveCfg = Release|Any CPU
		{76CEFDC3-4B38-43EF-96F7-6F06BBE8DFBA}.Release|Any CPU.Build.0 = Release|Any CPU
		{76CEFDC3-4B38-43EF-96F7-6F06BBE8DFBA}.Release|x64.ActiveCfg = Release|Any CPU
		{76CEFDC3-4B38-43EF-96F7-6F06BBE8DFBA}.Release|x64.Build.0 = Release|Any CPU
		{76CEFDC3-4B38-43EF-96F7-6F06BBE8DFBA}.Release|x86.ActiveCfg = Release|Any CPU
		{76CEFDC3-4B38-43EF-96F7-6F06BBE8DFBA}.Release|x86.Build.0 = Release|Any CPU
		{7082DF3B-70BD-4B28-95BA-314F9549E3FE}.Debug|Any CPU.ActiveCfg = Debug|Any CPU
		{7082DF3B-70BD-4B28-95BA-314F9549E3FE}.Debug|Any CPU.Build.0 = Debug|Any CPU
		{7082DF3B-70BD-4B28-95BA-314F9549E3FE}.Debug|x64.ActiveCfg = Debug|Any CPU
		{7082DF3B-70BD-4B28-95BA-314F9549E3FE}.Debug|x64.Build.0 = Debug|Any CPU
		{7082DF3B-70BD-4B28-95BA-314F9549E3FE}.Debug|x86.ActiveCfg = Debug|Any CPU
		{7082DF3B-70BD-4B28-95BA-314F9549E3FE}.Debug|x86.Build.0 = Debug|Any CPU
		{7082DF3B-70BD-4B28-95BA-314F9549E3FE}.Release|Any CPU.ActiveCfg = Release|Any CPU
		{7082DF3B-70BD-4B28-95BA-314F9549E3FE}.Release|Any CPU.Build.0 = Release|Any CPU
		{7082DF3B-70BD-4B28-95BA-314F9549E3FE}.Release|x64.ActiveCfg = Release|Any CPU
		{7082DF3B-70BD-4B28-95BA-314F9549E3FE}.Release|x64.Build.0 = Release|Any CPU
		{7082DF3B-70BD-4B28-95BA-314F9549E3FE}.Release|x86.ActiveCfg = Release|Any CPU
		{7082DF3B-70BD-4B28-95BA-314F9549E3FE}.Release|x86.Build.0 = Release|Any CPU
	EndGlobalSection
	GlobalSection(SolutionProperties) = preSolution
		HideSolutionNode = FALSE
	EndGlobalSection
	GlobalSection(NestedProjects) = preSolution
		{90298CBA-BD6F-3A0A-69D5-97CAD7B05E7E} = {827E0CD3-B72D-47B6-A68D-7590B98EB39B}
		{13B853DE-0E66-4311-8F13-22C643B63E78} = {90298CBA-BD6F-3A0A-69D5-97CAD7B05E7E}
		{FB12AD81-F349-4635-AD96-898D233F6DB2} = {90298CBA-BD6F-3A0A-69D5-97CAD7B05E7E}
		{CC1A6159-4FC4-4058-AA06-87EAC64E5B41} = {90298CBA-BD6F-3A0A-69D5-97CAD7B05E7E}
		{05338572-03F4-4CF7-BBF2-0B0DC8C7CF29} = {90298CBA-BD6F-3A0A-69D5-97CAD7B05E7E}
		{FCA01246-F2C6-0AA7-D43F-FD13BE0B9D88} = {827E0CD3-B72D-47B6-A68D-7590B98EB39B}
		{E41BC718-5589-466D-9555-431B982B0C39} = {FCA01246-F2C6-0AA7-D43F-FD13BE0B9D88}
		{7D5EC2AC-84EF-4D7D-BB39-81679298717C} = {90298CBA-BD6F-3A0A-69D5-97CAD7B05E7E}
		{984BB9B3-3FA3-BE33-9484-CAC21695A33C} = {827E0CD3-B72D-47B6-A68D-7590B98EB39B}
		{1BFC9479-12BF-35C3-06B8-42D89D95092B} = {984BB9B3-3FA3-BE33-9484-CAC21695A33C}
		{887CC894-87A3-4CD5-8604-E58799E05C39} = {1BFC9479-12BF-35C3-06B8-42D89D95092B}
		{1EA0E575-6026-47B9-8A1D-90BFB9A68AA8} = {1BFC9479-12BF-35C3-06B8-42D89D95092B}
		{76CEFDC3-4B38-43EF-96F7-6F06BBE8DFBA} = {1BFC9479-12BF-35C3-06B8-42D89D95092B}
		{7082DF3B-70BD-4B28-95BA-314F9549E3FE} = {1BFC9479-12BF-35C3-06B8-42D89D95092B}
	EndGlobalSection
	GlobalSection(ExtensibilityGlobals) = postSolution
		SolutionGuid = {EFEBE274-114C-4A77-B9AC-BB71867FEB26}
	EndGlobalSection
EndGlobal
